// !$*UTF8*$!
{
	archiveVersion = 1;
	classes = {
	};
	objectVersion = 56;
	objects = {

/* Begin PBXBuildFile section */
		3C4F0A002A54399F009DF8AB /* LunarApp.swift in Sources */ = {isa = PBXBuildFile; fileRef = 3C4F09FF2A54399F009DF8AB /* LunarApp.swift */; };
		3C4F0A042A54399F009DF8AB /* Assets.xcassets in Resources */ = {isa = PBXBuildFile; fileRef = 3C4F0A032A54399F009DF8AB /* Assets.xcassets */; };
		3C4F0A072A54399F009DF8AB /* Preview Assets.xcassets in Resources */ = {isa = PBXBuildFile; fileRef = 3C4F0A062A54399F009DF8AB /* Preview Assets.xcassets */; };
		3C4F0A092A54399F009DF8AB /* Item.swift in Sources */ = {isa = PBXBuildFile; fileRef = 3C4F0A082A54399F009DF8AB /* Item.swift */; };
		3CA92E392A543BF000688DEB /* CommunityListView.swift in Sources */ = {isa = PBXBuildFile; fileRef = 3CA92E362A543BF000688DEB /* CommunityListView.swift */; };
		3CA92E3A2A543BF000688DEB /* ContentView.swift in Sources */ = {isa = PBXBuildFile; fileRef = 3CA92E372A543BF000688DEB /* ContentView.swift */; };
		3CA92E3B2A543BF000688DEB /* CommunityModel.swift in Sources */ = {isa = PBXBuildFile; fileRef = 3CA92E382A543BF000688DEB /* CommunityModel.swift */; };
		3CA92E412A54962B00688DEB /* lemmy-world-active-communities-placeholder.json in Resources */ = {isa = PBXBuildFile; fileRef = 3CA92E402A54962B00688DEB /* lemmy-world-active-communities-placeholder.json */; };
		3CA92E432A549A7F00688DEB /* CommunityRowView.swift in Sources */ = {isa = PBXBuildFile; fileRef = 3CA92E422A549A7F00688DEB /* CommunityRowView.swift */; };
		3CA92E452A54A2B300688DEB /* LemmyLogo.png in Resources */ = {isa = PBXBuildFile; fileRef = 3CA92E442A54A2B300688DEB /* LemmyLogo.png */; };
		3CA92E472A54ACAB00688DEB /* PostsListView.swift in Sources */ = {isa = PBXBuildFile; fileRef = 3CA92E462A54ACAB00688DEB /* PostsListView.swift */; };
		3CA92E492A54BD1F00688DEB /* DataFetcher.swift in Sources */ = {isa = PBXBuildFile; fileRef = 3CA92E482A54BD1F00688DEB /* DataFetcher.swift */; };
/* End PBXBuildFile section */

/* Begin PBXFileReference section */
		3C4F09FC2A54399F009DF8AB /* Lunar.app */ = {isa = PBXFileReference; explicitFileType = wrapper.application; includeInIndex = 0; path = Lunar.app; sourceTree = BUILT_PRODUCTS_DIR; };
		3C4F09FF2A54399F009DF8AB /* LunarApp.swift */ = {isa = PBXFileReference; lastKnownFileType = sourcecode.swift; path = LunarApp.swift; sourceTree = "<group>"; };
		3C4F0A032A54399F009DF8AB /* Assets.xcassets */ = {isa = PBXFileReference; lastKnownFileType = folder.assetcatalog; path = Assets.xcassets; sourceTree = "<group>"; };
		3C4F0A062A54399F009DF8AB /* Preview Assets.xcassets */ = {isa = PBXFileReference; lastKnownFileType = folder.assetcatalog; path = "Preview Assets.xcassets"; sourceTree = "<group>"; };
		3C4F0A082A54399F009DF8AB /* Item.swift */ = {isa = PBXFileReference; lastKnownFileType = sourcecode.swift; path = Item.swift; sourceTree = "<group>"; };
		3CA92E362A543BF000688DEB /* CommunityListView.swift */ = {isa = PBXFileReference; fileEncoding = 4; lastKnownFileType = sourcecode.swift; path = CommunityListView.swift; sourceTree = "<group>"; };
		3CA92E372A543BF000688DEB /* ContentView.swift */ = {isa = PBXFileReference; fileEncoding = 4; lastKnownFileType = sourcecode.swift; path = ContentView.swift; sourceTree = "<group>"; };
		3CA92E382A543BF000688DEB /* CommunityModel.swift */ = {isa = PBXFileReference; fileEncoding = 4; lastKnownFileType = sourcecode.swift; path = CommunityModel.swift; sourceTree = "<group>"; };
		3CA92E402A54962B00688DEB /* lemmy-world-active-communities-placeholder.json */ = {isa = PBXFileReference; fileEncoding = 4; lastKnownFileType = text.json; path = "lemmy-world-active-communities-placeholder.json"; sourceTree = "<group>"; };
		3CA92E422A549A7F00688DEB /* CommunityRowView.swift */ = {isa = PBXFileReference; lastKnownFileType = sourcecode.swift; path = CommunityRowView.swift; sourceTree = "<group>"; };
		3CA92E442A54A2B300688DEB /* LemmyLogo.png */ = {isa = PBXFileReference; lastKnownFileType = image.png; path = LemmyLogo.png; sourceTree = "<group>"; };
		3CA92E462A54ACAB00688DEB /* PostsListView.swift */ = {isa = PBXFileReference; lastKnownFileType = sourcecode.swift; path = PostsListView.swift; sourceTree = "<group>"; };
		3CA92E482A54BD1F00688DEB /* DataFetcher.swift */ = {isa = PBXFileReference; lastKnownFileType = sourcecode.swift; path = DataFetcher.swift; sourceTree = "<group>"; };
/* End PBXFileReference section */

/* Begin PBXFrameworksBuildPhase section */
		3C4F09F92A54399F009DF8AB /* Frameworks */ = {
			isa = PBXFrameworksBuildPhase;
			buildActionMask = 2147483647;
			files = (
			);
			runOnlyForDeploymentPostprocessing = 0;
		};
/* End PBXFrameworksBuildPhase section */

/* Begin PBXGroup section */
		3C4F09F32A54399F009DF8AB = {
			isa = PBXGroup;
			children = (
				3C4F09FE2A54399F009DF8AB /* Lunar */,
				3C4F09FD2A54399F009DF8AB /* Products */,
			);
			sourceTree = "<group>";
		};
		3C4F09FD2A54399F009DF8AB /* Products */ = {
			isa = PBXGroup;
			children = (
				3C4F09FC2A54399F009DF8AB /* Lunar.app */,
			);
			name = Products;
			sourceTree = "<group>";
		};
		3C4F09FE2A54399F009DF8AB /* Lunar */ = {
			isa = PBXGroup;
			children = (
				3CA92E442A54A2B300688DEB /* LemmyLogo.png */,
				3CA92E402A54962B00688DEB /* lemmy-world-active-communities-placeholder.json */,
				3CA92E362A543BF000688DEB /* CommunityListView.swift */,
				3CA92E422A549A7F00688DEB /* CommunityRowView.swift */,
				3CA92E382A543BF000688DEB /* CommunityModel.swift */,
				3CA92E372A543BF000688DEB /* ContentView.swift */,
				3CA92E462A54ACAB00688DEB /* PostsListView.swift */,
				3C4F09FF2A54399F009DF8AB /* LunarApp.swift */,
				3C4F0A032A54399F009DF8AB /* Assets.xcassets */,
				3C4F0A082A54399F009DF8AB /* Item.swift */,
				3C4F0A052A54399F009DF8AB /* Preview Content */,
				3CA92E482A54BD1F00688DEB /* DataFetcher.swift */,
			);
			path = Lunar;
			sourceTree = "<group>";
		};
		3C4F0A052A54399F009DF8AB /* Preview Content */ = {
			isa = PBXGroup;
			children = (
				3C4F0A062A54399F009DF8AB /* Preview Assets.xcassets */,
			);
			path = "Preview Content";
			sourceTree = "<group>";
		};
/* End PBXGroup section */

/* Begin PBXNativeTarget section */
		3C4F09FB2A54399F009DF8AB /* Lunar */ = {
			isa = PBXNativeTarget;
			buildConfigurationList = 3C4F0A0C2A54399F009DF8AB /* Build configuration list for PBXNativeTarget "Lunar" */;
			buildPhases = (
				3C4F09F82A54399F009DF8AB /* Sources */,
				3C4F09F92A54399F009DF8AB /* Frameworks */,
				3C4F09FA2A54399F009DF8AB /* Resources */,
			);
			buildRules = (
			);
			dependencies = (
			);
			name = Lunar;
			productName = Lunar;
			productReference = 3C4F09FC2A54399F009DF8AB /* Lunar.app */;
			productType = "com.apple.product-type.application";
		};
/* End PBXNativeTarget section */

/* Begin PBXProject section */
		3C4F09F42A54399F009DF8AB /* Project object */ = {
			isa = PBXProject;
			attributes = {
				BuildIndependentTargetsInParallel = 1;
				LastSwiftUpdateCheck = 1500;
				LastUpgradeCheck = 1500;
				TargetAttributes = {
					3C4F09FB2A54399F009DF8AB = {
						CreatedOnToolsVersion = 15.0;
					};
				};
			};
			buildConfigurationList = 3C4F09F72A54399F009DF8AB /* Build configuration list for PBXProject "Lunar" */;
			compatibilityVersion = "Xcode 14.0";
			developmentRegion = en;
			hasScannedForEncodings = 0;
			knownRegions = (
				en,
				Base,
			);
			mainGroup = 3C4F09F32A54399F009DF8AB;
			productRefGroup = 3C4F09FD2A54399F009DF8AB /* Products */;
			projectDirPath = "";
			projectRoot = "";
			targets = (
				3C4F09FB2A54399F009DF8AB /* Lunar */,
			);
		};
/* End PBXProject section */

/* Begin PBXResourcesBuildPhase section */
		3C4F09FA2A54399F009DF8AB /* Resources */ = {
			isa = PBXResourcesBuildPhase;
			buildActionMask = 2147483647;
			files = (
				3C4F0A072A54399F009DF8AB /* Preview Assets.xcassets in Resources */,
				3C4F0A042A54399F009DF8AB /* Assets.xcassets in Resources */,
				3CA92E412A54962B00688DEB /* lemmy-world-active-communities-placeholder.json in Resources */,
				3CA92E452A54A2B300688DEB /* LemmyLogo.png in Resources */,
			);
			runOnlyForDeploymentPostprocessing = 0;
		};
/* End PBXResourcesBuildPhase section */

/* Begin PBXSourcesBuildPhase section */
		3C4F09F82A54399F009DF8AB /* Sources */ = {
			isa = PBXSourcesBuildPhase;
			buildActionMask = 2147483647;
			files = (
				3CA92E472A54ACAB00688DEB /* PostsListView.swift in Sources */,
				3C4F0A092A54399F009DF8AB /* Item.swift in Sources */,
				3C4F0A002A54399F009DF8AB /* LunarApp.swift in Sources */,
				3CA92E3B2A543BF000688DEB /* CommunityModel.swift in Sources */,
				3CA92E3A2A543BF000688DEB /* ContentView.swift in Sources */,
				3CA92E392A543BF000688DEB /* CommunityListView.swift in Sources */,
				3CA92E432A549A7F00688DEB /* CommunityRowView.swift in Sources */,
				3CA92E492A54BD1F00688DEB /* DataFetcher.swift in Sources */,
			);
			runOnlyForDeploymentPostprocessing = 0;
		};
/* End PBXSourcesBuildPhase section */

/* Begin XCBuildConfiguration section */
		3C4F0A0A2A54399F009DF8AB /* Debug */ = {
			isa = XCBuildConfiguration;
			buildSettings = {
				ALWAYS_SEARCH_USER_PATHS = NO;
				ASSETCATALOG_COMPILER_GENERATE_SWIFT_ASSET_SYMBOL_EXTENSIONS = YES;
				CLANG_ANALYZER_NONNULL = YES;
				CLANG_ANALYZER_NUMBER_OBJECT_CONVERSION = YES_AGGRESSIVE;
				CLANG_CXX_LANGUAGE_STANDARD = "gnu++20";
				CLANG_ENABLE_MODULES = YES;
				CLANG_ENABLE_OBJC_ARC = YES;
				CLANG_ENABLE_OBJC_WEAK = YES;
				CLANG_WARN_BLOCK_CAPTURE_AUTORELEASING = YES;
				CLANG_WARN_BOOL_CONVERSION = YES;
				CLANG_WARN_COMMA = YES;
				CLANG_WARN_CONSTANT_CONVERSION = YES;
				CLANG_WARN_DEPRECATED_OBJC_IMPLEMENTATIONS = YES;
				CLANG_WARN_DIRECT_OBJC_ISA_USAGE = YES_ERROR;
				CLANG_WARN_DOCUMENTATION_COMMENTS = YES;
				CLANG_WARN_EMPTY_BODY = YES;
				CLANG_WARN_ENUM_CONVERSION = YES;
				CLANG_WARN_INFINITE_RECURSION = YES;
				CLANG_WARN_INT_CONVERSION = YES;
				CLANG_WARN_NON_LITERAL_NULL_CONVERSION = YES;
				CLANG_WARN_OBJC_IMPLICIT_RETAIN_SELF = YES;
				CLANG_WARN_OBJC_LITERAL_CONVERSION = YES;
				CLANG_WARN_OBJC_ROOT_CLASS = YES_ERROR;
				CLANG_WARN_QUOTED_INCLUDE_IN_FRAMEWORK_HEADER = YES;
				CLANG_WARN_RANGE_LOOP_ANALYSIS = YES;
				CLANG_WARN_STRICT_PROTOTYPES = YES;
				CLANG_WARN_SUSPICIOUS_MOVE = YES;
				CLANG_WARN_UNGUARDED_AVAILABILITY = YES_AGGRESSIVE;
				CLANG_WARN_UNREACHABLE_CODE = YES;
				CLANG_WARN__DUPLICATE_METHOD_MATCH = YES;
				COPY_PHASE_STRIP = NO;
				DEBUG_INFORMATION_FORMAT = dwarf;
				ENABLE_STRICT_OBJC_MSGSEND = YES;
				ENABLE_TESTABILITY = YES;
				ENABLE_USER_SCRIPT_SANDBOXING = YES;
				GCC_C_LANGUAGE_STANDARD = gnu17;
				GCC_DYNAMIC_NO_PIC = NO;
				GCC_NO_COMMON_BLOCKS = YES;
				GCC_OPTIMIZATION_LEVEL = 0;
				GCC_PREPROCESSOR_DEFINITIONS = (
					"DEBUG=1",
					"$(inherited)",
				);
				GCC_WARN_64_TO_32_BIT_CONVERSION = YES;
				GCC_WARN_ABOUT_RETURN_TYPE = YES_ERROR;
				GCC_WARN_UNDECLARED_SELECTOR = YES;
				GCC_WARN_UNINITIALIZED_AUTOS = YES_AGGRESSIVE;
				GCC_WARN_UNUSED_FUNCTION = YES;
				GCC_WARN_UNUSED_VARIABLE = YES;
				IPHONEOS_DEPLOYMENT_TARGET = 17.0;
				LOCALIZATION_PREFERS_STRING_CATALOGS = YES;
				MTL_ENABLE_DEBUG_INFO = INCLUDE_SOURCE;
				MTL_FAST_MATH = YES;
				ONLY_ACTIVE_ARCH = YES;
				SDKROOT = iphoneos;
				SWIFT_ACTIVE_COMPILATION_CONDITIONS = "DEBUG $(inherited)";
				SWIFT_OPTIMIZATION_LEVEL = "-Onone";
			};
			name = Debug;
		};
		3C4F0A0B2A54399F009DF8AB /* Release */ = {
			isa = XCBuildConfiguration;
			buildSettings = {
				ALWAYS_SEARCH_USER_PATHS = NO;
				ASSETCATALOG_COMPILER_GENERATE_SWIFT_ASSET_SYMBOL_EXTENSIONS = YES;
				CLANG_ANALYZER_NONNULL = YES;
				CLANG_ANALYZER_NUMBER_OBJECT_CONVERSION = YES_AGGRESSIVE;
				CLANG_CXX_LANGUAGE_STANDARD = "gnu++20";
				CLANG_ENABLE_MODULES = YES;
				CLANG_ENABLE_OBJC_ARC = YES;
				CLANG_ENABLE_OBJC_WEAK = YES;
				CLANG_WARN_BLOCK_CAPTURE_AUTORELEASING = YES;
				CLANG_WARN_BOOL_CONVERSION = YES;
				CLANG_WARN_COMMA = YES;
				CLANG_WARN_CONSTANT_CONVERSION = YES;
				CLANG_WARN_DEPRECATED_OBJC_IMPLEMENTATIONS = YES;
				CLANG_WARN_DIRECT_OBJC_ISA_USAGE = YES_ERROR;
				CLANG_WARN_DOCUMENTATION_COMMENTS = YES;
				CLANG_WARN_EMPTY_BODY = YES;
				CLANG_WARN_ENUM_CONVERSION = YES;
				CLANG_WARN_INFINITE_RECURSION = YES;
				CLANG_WARN_INT_CONVERSION = YES;
				CLANG_WARN_NON_LITERAL_NULL_CONVERSION = YES;
				CLANG_WARN_OBJC_IMPLICIT_RETAIN_SELF = YES;
				CLANG_WARN_OBJC_LITERAL_CONVERSION = YES;
				CLANG_WARN_OBJC_ROOT_CLASS = YES_ERROR;
				CLANG_WARN_QUOTED_INCLUDE_IN_FRAMEWORK_HEADER = YES;
				CLANG_WARN_RANGE_LOOP_ANALYSIS = YES;
				CLANG_WARN_STRICT_PROTOTYPES = YES;
				CLANG_WARN_SUSPICIOUS_MOVE = YES;
				CLANG_WARN_UNGUARDED_AVAILABILITY = YES_AGGRESSIVE;
				CLANG_WARN_UNREACHABLE_CODE = YES;
				CLANG_WARN__DUPLICATE_METHOD_MATCH = YES;
				COPY_PHASE_STRIP = NO;
				DEBUG_INFORMATION_FORMAT = "dwarf-with-dsym";
				ENABLE_NS_ASSERTIONS = NO;
				ENABLE_STRICT_OBJC_MSGSEND = YES;
				ENABLE_USER_SCRIPT_SANDBOXING = YES;
				GCC_C_LANGUAGE_STANDARD = gnu17;
				GCC_NO_COMMON_BLOCKS = YES;
				GCC_WARN_64_TO_32_BIT_CONVERSION = YES;
				GCC_WARN_ABOUT_RETURN_TYPE = YES_ERROR;
				GCC_WARN_UNDECLARED_SELECTOR = YES;
				GCC_WARN_UNINITIALIZED_AUTOS = YES_AGGRESSIVE;
				GCC_WARN_UNUSED_FUNCTION = YES;
				GCC_WARN_UNUSED_VARIABLE = YES;
				IPHONEOS_DEPLOYMENT_TARGET = 17.0;
				LOCALIZATION_PREFERS_STRING_CATALOGS = YES;
				MTL_ENABLE_DEBUG_INFO = NO;
				MTL_FAST_MATH = YES;
				SDKROOT = iphoneos;
				SWIFT_COMPILATION_MODE = wholemodule;
				VALIDATE_PRODUCT = YES;
			};
			name = Release;
		};
		3C4F0A0D2A54399F009DF8AB /* Debug */ = {
			isa = XCBuildConfiguration;
			buildSettings = {
				ASSETCATALOG_COMPILER_APPICON_NAME = AppIcon;
				ASSETCATALOG_COMPILER_GLOBAL_ACCENT_COLOR_NAME = AccentColor;
				CODE_SIGN_STYLE = Automatic;
				CURRENT_PROJECT_VERSION = 1;
				DEVELOPMENT_ASSET_PATHS = "\"Lunar/Preview Content\"";
				DEVELOPMENT_TEAM = QR8TDZJV2W;
				ENABLE_PREVIEWS = YES;
				GENERATE_INFOPLIST_FILE = YES;
				INFOPLIST_KEY_UIApplicationSceneManifest_Generation = YES;
				INFOPLIST_KEY_UIApplicationSupportsIndirectInputEvents = YES;
				INFOPLIST_KEY_UILaunchScreen_Generation = YES;
				INFOPLIST_KEY_UISupportedInterfaceOrientations_iPad = "UIInterfaceOrientationPortrait UIInterfaceOrientationPortraitUpsideDown UIInterfaceOrientationLandscapeLeft UIInterfaceOrientationLandscapeRight";
				INFOPLIST_KEY_UISupportedInterfaceOrientations_iPhone = "UIInterfaceOrientationPortrait UIInterfaceOrientationLandscapeLeft UIInterfaceOrientationLandscapeRight";
				LD_RUNPATH_SEARCH_PATHS = (
					"$(inherited)",
					"@executable_path/Frameworks",
				);
				MARKETING_VERSION = 1.0;
				PRODUCT_BUNDLE_IDENTIFIER = "io.github.mani-sh-reddy.Lunar";
				PRODUCT_NAME = "$(TARGET_NAME)";
				SWIFT_EMIT_LOC_STRINGS = YES;
				SWIFT_VERSION = 5.0;
				TARGETED_DEVICE_FAMILY = "1,2";
			};
			name = Debug;
		};
		3C4F0A0E2A54399F009DF8AB /* Release */ = {
			isa = XCBuildConfiguration;
			buildSettings = {
				ASSETCATALOG_COMPILER_APPICON_NAME = AppIcon;
				ASSETCATALOG_COMPILER_GLOBAL_ACCENT_COLOR_NAME = AccentColor;
				CODE_SIGN_STYLE = Automatic;
				CURRENT_PROJECT_VERSION = 1;
				DEVELOPMENT_ASSET_PATHS = "\"Lunar/Preview Content\"";
				DEVELOPMENT_TEAM = QR8TDZJV2W;
				ENABLE_PREVIEWS = YES;
				GENERATE_INFOPLIST_FILE = YES;
				INFOPLIST_KEY_UIApplicationSceneManifest_Generation = YES;
				INFOPLIST_KEY_UIApplicationSupportsIndirectInputEvents = YES;
				INFOPLIST_KEY_UILaunchScreen_Generation = YES;
				INFOPLIST_KEY_UISupportedInterfaceOrientations_iPad = "UIInterfaceOrientationPortrait UIInterfaceOrientationPortraitUpsideDown UIInterfaceOrientationLandscapeLeft UIInterfaceOrientationLandscapeRight";
				INFOPLIST_KEY_UISupportedInterfaceOrientations_iPhone = "UIInterfaceOrientationPortrait UIInterfaceOrientationLandscapeLeft UIInterfaceOrientationLandscapeRight";
				LD_RUNPATH_SEARCH_PATHS = (
					"$(inherited)",
					"@executable_path/Frameworks",
				);
				MARKETING_VERSION = 1.0;
				PRODUCT_BUNDLE_IDENTIFIER = "io.github.mani-sh-reddy.Lunar";
				PRODUCT_NAME = "$(TARGET_NAME)";
				SWIFT_EMIT_LOC_STRINGS = YES;
				SWIFT_VERSION = 5.0;
				TARGETED_DEVICE_FAMILY = "1,2";
			};
			name = Release;
		};
/* End XCBuildConfiguration section */

/* Begin XCConfigurationList section */
		3C4F09F72A54399F009DF8AB /* Build configuration list for PBXProject "Lunar" */ = {
			isa = XCConfigurationList;
			buildConfigurations = (
				3C4F0A0A2A54399F009DF8AB /* Debug */,
				3C4F0A0B2A54399F009DF8AB /* Release */,
			);
			defaultConfigurationIsVisible = 0;
			defaultConfigurationName = Release;
		};
		3C4F0A0C2A54399F009DF8AB /* Build configuration list for PBXNativeTarget "Lunar" */ = {
			isa = XCConfigurationList;
			buildConfigurations = (
				3C4F0A0D2A54399F009DF8AB /* Debug */,
				3C4F0A0E2A54399F009DF8AB /* Release */,
			);
			defaultConfigurationIsVisible = 0;
			defaultConfigurationName = Release;
		};
/* End XCConfigurationList section */
	};
	rootObject = 3C4F09F42A54399F009DF8AB /* Project object */;
}
