// !$*UTF8*$!
{
	archiveVersion = 1;
	classes = {
	};
	objectVersion = 56;
	objects = {

/* Begin PBXBuildFile section */
		3C10A7642A72A6FC0040F1A9 /* Assets.xcassets in Resources */ = {isa = PBXBuildFile; fileRef = 3C10A7632A72A6FC0040F1A9 /* Assets.xcassets */; };
		3C10A76A2A72A6FC0040F1A9 /* Lunar Stickers MessagesExtension.appex in Embed Foundation Extensions */ = {isa = PBXBuildFile; fileRef = 3C10A7692A72A6FC0040F1A9 /* Lunar Stickers MessagesExtension.appex */; settings = {ATTRIBUTES = (RemoveHeadersOnCopy, ); }; };
		3C10A76F2A72A6FC0040F1A9 /* Messages.framework in Frameworks */ = {isa = PBXBuildFile; fileRef = 3C10A76E2A72A6FC0040F1A9 /* Messages.framework */; };
		3C10A7722A72A6FC0040F1A9 /* MessagesViewController.swift in Sources */ = {isa = PBXBuildFile; fileRef = 3C10A7712A72A6FC0040F1A9 /* MessagesViewController.swift */; };
		3C10A7752A72A6FC0040F1A9 /* MainInterface.storyboard in Resources */ = {isa = PBXBuildFile; fileRef = 3C10A7732A72A6FC0040F1A9 /* MainInterface.storyboard */; };
		3C10A7772A72A6FC0040F1A9 /* Assets.xcassets in Resources */ = {isa = PBXBuildFile; fileRef = 3C10A7762A72A6FC0040F1A9 /* Assets.xcassets */; };
		3C113C392A6E71E100FDE5CE /* SettingsAccountView.swift in Sources */ = {isa = PBXBuildFile; fileRef = 3C113C382A6E71E100FDE5CE /* SettingsAccountView.swift */; };
		3C113C3B2A6E7E4800FDE5CE /* SettingsAccountNavLabel.swift in Sources */ = {isa = PBXBuildFile; fileRef = 3C113C3A2A6E7E4800FDE5CE /* SettingsAccountNavLabel.swift */; };
		3C113C3D2A6E8B0C00FDE5CE /* SettingsAppearanceSectionView.swift in Sources */ = {isa = PBXBuildFile; fileRef = 3C113C3C2A6E8B0C00FDE5CE /* SettingsAppearanceSectionView.swift */; };
		3C113C3F2A6E8C9400FDE5CE /* SettingsGeneralSectionView.swift in Sources */ = {isa = PBXBuildFile; fileRef = 3C113C3E2A6E8C9400FDE5CE /* SettingsGeneralSectionView.swift */; };
		3C113C412A6E8EEA00FDE5CE /* SettingsInfoSectionView.swift in Sources */ = {isa = PBXBuildFile; fileRef = 3C113C402A6E8EEA00FDE5CE /* SettingsInfoSectionView.swift */; };
		3C113C432A6EA92600FDE5CE /* SettingsServerSelectionSectionView.swift in Sources */ = {isa = PBXBuildFile; fileRef = 3C113C422A6EA92600FDE5CE /* SettingsServerSelectionSectionView.swift */; };
		3C15DFEE2A6D992A0038EFCD /* CommunitySpecificPostsListView.swift in Sources */ = {isa = PBXBuildFile; fileRef = 3C15DFED2A6D992A0038EFCD /* CommunitySpecificPostsListView.swift */; };
		3C1A3F532A731B8C00898FC6 /* Assets.xcassets in Resources */ = {isa = PBXBuildFile; fileRef = 3C4F0A032A54399F009DF8AB /* Assets.xcassets */; };
		3C1A3F552A731C3F00898FC6 /* ImageExtension.swift in Sources */ = {isa = PBXBuildFile; fileRef = 3C1A3F542A731C3F00898FC6 /* ImageExtension.swift */; };
		3C1A3F592A73B17E00898FC6 /* LoginView.swift in Sources */ = {isa = PBXBuildFile; fileRef = 3C1A3F582A73B17E00898FC6 /* LoginView.swift */; };
		3C1A3F5B2A73B2B800898FC6 /* KeychainInterface.swift in Sources */ = {isa = PBXBuildFile; fileRef = 3C1A3F5A2A73B2B800898FC6 /* KeychainInterface.swift */; };
		3C1A3F5D2A73BC9F00898FC6 /* CredentialsModel.swift in Sources */ = {isa = PBXBuildFile; fileRef = 3C1A3F5C2A73BC9F00898FC6 /* CredentialsModel.swift */; };
		3C1A3F5F2A73D64C00898FC6 /* LoginHelper.swift in Sources */ = {isa = PBXBuildFile; fileRef = 3C1A3F5E2A73D64C00898FC6 /* LoginHelper.swift */; };
		3C4B7DD82A58A741003C8192 /* CommentModel.swift in Sources */ = {isa = PBXBuildFile; fileRef = 3C4B7DD72A58A741003C8192 /* CommentModel.swift */; };
		3C4B7DDB2A58AD23003C8192 /* Alamofire in Frameworks */ = {isa = PBXBuildFile; productRef = 3C4B7DDA2A58AD23003C8192 /* Alamofire */; };
		3C4F0A002A54399F009DF8AB /* LunarApp.swift in Sources */ = {isa = PBXBuildFile; fileRef = 3C4F09FF2A54399F009DF8AB /* LunarApp.swift */; };
		3C522F3B2A63241900129CAC /* TrendingCommunitiesFetcher.swift in Sources */ = {isa = PBXBuildFile; fileRef = 3C522F3A2A63241900129CAC /* TrendingCommunitiesFetcher.swift */; };
		3C5ECB1F2A75ABFE002BA561 /* EmailToUsernameConverter.swift in Sources */ = {isa = PBXBuildFile; fileRef = 3C5ECB1E2A75ABFE002BA561 /* EmailToUsernameConverter.swift */; };
		3C5ECB242A766D64002BA561 /* DebugLoginPagePropertiesView.swift in Sources */ = {isa = PBXBuildFile; fileRef = 3C5ECB232A766D64002BA561 /* DebugLoginPagePropertiesView.swift */; };
		3C5ECB262A766E31002BA561 /* DebugAccountsPropertiesView.swift in Sources */ = {isa = PBXBuildFile; fileRef = 3C5ECB252A766E31002BA561 /* DebugAccountsPropertiesView.swift */; };
		3C6299D12A751A5900BE2A9F /* TextExtension.swift in Sources */ = {isa = PBXBuildFile; fileRef = 3C6299D02A751A5900BE2A9F /* TextExtension.swift */; };
		3C62C2532A72DF10003BAC5B /* LunarShareScreenshot.png in Resources */ = {isa = PBXBuildFile; fileRef = 3C62C2522A72DF10003BAC5B /* LunarShareScreenshot.png */; };
		3C62C2552A72F4BC003BAC5B /* SplashScreenView.swift in Sources */ = {isa = PBXBuildFile; fileRef = 3C62C2542A72F4BC003BAC5B /* SplashScreenView.swift */; };
		3C62C2592A7309DC003BAC5B /* SettingsAppIconView.swift in Sources */ = {isa = PBXBuildFile; fileRef = 3C62C2582A7309DC003BAC5B /* SettingsAppIconView.swift */; };
		3C6588592A6169EB00A46DA3 /* SettingsView.swift in Sources */ = {isa = PBXBuildFile; fileRef = 3C6588582A6169EB00A46DA3 /* SettingsView.swift */; };
		3C65885D2A6189AF00A46DA3 /* CommentsFetcher.swift in Sources */ = {isa = PBXBuildFile; fileRef = 3C65885C2A6189AF00A46DA3 /* CommentsFetcher.swift */; };
		3C65885F2A621C6100A46DA3 /* MoreCommunitiesView.swift in Sources */ = {isa = PBXBuildFile; fileRef = 3C65885E2A621C6100A46DA3 /* MoreCommunitiesView.swift */; };
		3C72E21B2A71735E00C794C6 /* InPostThumbnailImageView.swift in Sources */ = {isa = PBXBuildFile; fileRef = 3C72E21A2A71735E00C794C6 /* InPostThumbnailImageView.swift */; };
		3C87092C2A745CE2004999CE /* ArrayExtension.swift in Sources */ = {isa = PBXBuildFile; fileRef = 3C87092B2A745CE2004999CE /* ArrayExtension.swift */; };
		3C87092E2A74647A004999CE /* BindingExtension.swift in Sources */ = {isa = PBXBuildFile; fileRef = 3C87092D2A74647A004999CE /* BindingExtension.swift */; };
		3C8709302A747065004999CE /* UserRowView.swift in Sources */ = {isa = PBXBuildFile; fileRef = 3C87092F2A747065004999CE /* UserRowView.swift */; };
		3C8709322A747B91004999CE /* SiteModel.swift in Sources */ = {isa = PBXBuildFile; fileRef = 3C8709312A747B91004999CE /* SiteModel.swift */; };
		3C8709342A747C92004999CE /* SiteFetcher.swift in Sources */ = {isa = PBXBuildFile; fileRef = 3C8709332A747C92004999CE /* SiteFetcher.swift */; };
		3C8A850D2A7562980005711A /* LoggedInUserRowView.swift in Sources */ = {isa = PBXBuildFile; fileRef = 3C8A850C2A7562980005711A /* LoggedInUserRowView.swift */; };
		3CA3CBC32A5B026800D0D645 /* AggregatedPostsFetcher.swift in Sources */ = {isa = PBXBuildFile; fileRef = 3CA3CBC22A5B026800D0D645 /* AggregatedPostsFetcher.swift */; };
		3CA5C40A2A574FF500BF8F1B /* PostsListModel.swift in Sources */ = {isa = PBXBuildFile; fileRef = 3CA5C4092A574FF500BF8F1B /* PostsListModel.swift */; };
		3CA5C40E2A57525500BF8F1B /* AggregatedPostsListView.swift in Sources */ = {isa = PBXBuildFile; fileRef = 3CA5C40D2A57525500BF8F1B /* AggregatedPostsListView.swift */; };
		3CA5C4102A5753AC00BF8F1B /* PostRowView.swift in Sources */ = {isa = PBXBuildFile; fileRef = 3CA5C40F2A5753AC00BF8F1B /* PostRowView.swift */; };
		3CA92E3A2A543BF000688DEB /* ContentView.swift in Sources */ = {isa = PBXBuildFile; fileRef = 3CA92E372A543BF000688DEB /* ContentView.swift */; };
		3CA92E3B2A543BF000688DEB /* CommunityModel.swift in Sources */ = {isa = PBXBuildFile; fileRef = 3CA92E382A543BF000688DEB /* CommunityModel.swift */; };
		3CA92E432A549A7F00688DEB /* CommunityRowView.swift in Sources */ = {isa = PBXBuildFile; fileRef = 3CA92E422A549A7F00688DEB /* CommunityRowView.swift */; };
		3CB408B42A5C558B00B7C983 /* CommunitiesFetcher.swift in Sources */ = {isa = PBXBuildFile; fileRef = 3CB408B32A5C558B00B7C983 /* CommunitiesFetcher.swift */; };
		3CB527382A6C28EC0095F351 /* MoreCommunitiesRowView.swift in Sources */ = {isa = PBXBuildFile; fileRef = 3CB527372A6C28EC0095F351 /* MoreCommunitiesRowView.swift */; };
		3CB8D2662A55EFF900EE615A /* PlaceholderView.swift in Sources */ = {isa = PBXBuildFile; fileRef = 3CB8D2652A55EFF900EE615A /* PlaceholderView.swift */; };
		3CB8D2682A55F45900EE615A /* FeedView.swift in Sources */ = {isa = PBXBuildFile; fileRef = 3CB8D2672A55F45900EE615A /* FeedView.swift */; };
		3CB8D26A2A561E0700EE615A /* AggregatedCommunityRowView.swift in Sources */ = {isa = PBXBuildFile; fileRef = 3CB8D2692A561E0700EE615A /* AggregatedCommunityRowView.swift */; };
		3CBCCDF62A589F2C00307AC1 /* CommentsView.swift in Sources */ = {isa = PBXBuildFile; fileRef = 3CBCCDF52A589F2C00307AC1 /* CommentsView.swift */; };
		3CC734A42A6D58C6007523B5 /* URLBuilder.swift in Sources */ = {isa = PBXBuildFile; fileRef = 3CC734A32A6D58C6007523B5 /* URLBuilder.swift */; };
		3CC734A62A6D591A007523B5 /* URLComponentsExtension.swift in Sources */ = {isa = PBXBuildFile; fileRef = 3CC734A52A6D591A007523B5 /* URLComponentsExtension.swift */; };
		3CC734A82A6D67B7007523B5 /* CommunitySpecificPostsFetcher.swift in Sources */ = {isa = PBXBuildFile; fileRef = 3CC734A72A6D67B7007523B5 /* CommunitySpecificPostsFetcher.swift */; };
		3CC734AA2A6D697C007523B5 /* InsertSorter.swift in Sources */ = {isa = PBXBuildFile; fileRef = 3CC734A92A6D697C007523B5 /* InsertSorter.swift */; };
		3CCAA8BF2A65309E007CCEC2 /* NoInternetConnectionView.swift in Sources */ = {isa = PBXBuildFile; fileRef = 3CCAA8BE2A65309E007CCEC2 /* NoInternetConnectionView.swift */; };
		3CCAA8C12A65358C007CCEC2 /* NetworkMonitor.swift in Sources */ = {isa = PBXBuildFile; fileRef = 3CCAA8C02A65358C007CCEC2 /* NetworkMonitor.swift */; };
		3CDF229D2A6D436B009281F2 /* Settings.swift in Sources */ = {isa = PBXBuildFile; fileRef = 3CDF229C2A6D436B009281F2 /* Settings.swift */; };
		3CEA54462A59E6FB009E4FB3 /* MockData.swift in Sources */ = {isa = PBXBuildFile; fileRef = 3CEA54452A59E6FB009E4FB3 /* MockData.swift */; };
		3CED89792A71A54500BD9086 /* ImageModifier.swift in Sources */ = {isa = PBXBuildFile; fileRef = 3CED89782A71A54500BD9086 /* ImageModifier.swift */; };
		3CED897B2A71A5CF00BD9086 /* ImagePopoverView.swift in Sources */ = {isa = PBXBuildFile; fileRef = 3CED897A2A71A5CF00BD9086 /* ImagePopoverView.swift */; };
		3CED897D2A71DCFF00BD9086 /* SettingsHiddenOptionsView.swift in Sources */ = {isa = PBXBuildFile; fileRef = 3CED897C2A71DCFF00BD9086 /* SettingsHiddenOptionsView.swift */; };
		3CEF196B2A580672006736EF /* Kingfisher in Frameworks */ = {isa = PBXBuildFile; productRef = 3CEF196A2A580672006736EF /* Kingfisher */; };
		3CEF4CC22A69B38B002B83C0 /* SubscribedCommunitiesView.swift in Sources */ = {isa = PBXBuildFile; fileRef = 3CEF4CC12A69B38B002B83C0 /* SubscribedCommunitiesView.swift */; };
		3CEF4CC42A69B39B002B83C0 /* TrendingCommunitiesSectionView.swift in Sources */ = {isa = PBXBuildFile; fileRef = 3CEF4CC32A69B39B002B83C0 /* TrendingCommunitiesSectionView.swift */; };
		3CEF4CC62A69B3AD002B83C0 /* MoreCommunitiesButtonView.swift in Sources */ = {isa = PBXBuildFile; fileRef = 3CEF4CC52A69B3AD002B83C0 /* MoreCommunitiesButtonView.swift */; };
		3CEF4CC82A69B3C3002B83C0 /* AggregatedCommunitiesSectionView.swift in Sources */ = {isa = PBXBuildFile; fileRef = 3CEF4CC72A69B3C3002B83C0 /* AggregatedCommunitiesSectionView.swift */; };
		3CEF4CCA2A69B6FA002B83C0 /* InPostCommunityHeaderView.swift in Sources */ = {isa = PBXBuildFile; fileRef = 3CEF4CC92A69B6FA002B83C0 /* InPostCommunityHeaderView.swift */; };
		3CEF4CCC2A69B70C002B83C0 /* InPostThumbnailView.swift in Sources */ = {isa = PBXBuildFile; fileRef = 3CEF4CCB2A69B70C002B83C0 /* InPostThumbnailView.swift */; };
		3CEF4CCE2A69B71C002B83C0 /* InPostUserView.swift in Sources */ = {isa = PBXBuildFile; fileRef = 3CEF4CCD2A69B71C002B83C0 /* InPostUserView.swift */; };
		3CEF4CD02A69B738002B83C0 /* InPostMetadataView.swift in Sources */ = {isa = PBXBuildFile; fileRef = 3CEF4CCF2A69B738002B83C0 /* InPostMetadataView.swift */; };
		3CEF4CD32A69B770002B83C0 /* StringExtension.swift in Sources */ = {isa = PBXBuildFile; fileRef = 3CEF4CD22A69B770002B83C0 /* StringExtension.swift */; };
		3CEF4CD52A69B798002B83C0 /* URLParser.swift in Sources */ = {isa = PBXBuildFile; fileRef = 3CEF4CD42A69B798002B83C0 /* URLParser.swift */; };
		3CEF4CD72A69B7A8002B83C0 /* ImageViewWithPlaceholder.swift in Sources */ = {isa = PBXBuildFile; fileRef = 3CEF4CD62A69B7A8002B83C0 /* ImageViewWithPlaceholder.swift */; };
		3CEF4CD92A69B80A002B83C0 /* CommentIndentGuideView.swift in Sources */ = {isa = PBXBuildFile; fileRef = 3CEF4CD82A69B80A002B83C0 /* CommentIndentGuideView.swift */; };
		3CF3F9C02A6EE0390051E725 /* SettingsClearCacheButtonView.swift in Sources */ = {isa = PBXBuildFile; fileRef = 3CF3F9BF2A6EE0390051E725 /* SettingsClearCacheButtonView.swift */; };
		3CF3F9C22A6EE20C0051E725 /* ViewExtension.swift in Sources */ = {isa = PBXBuildFile; fileRef = 3CF3F9C12A6EE20C0051E725 /* ViewExtension.swift */; };
/* End PBXBuildFile section */

/* Begin PBXContainerItemProxy section */
		3C10A76B2A72A6FC0040F1A9 /* PBXContainerItemProxy */ = {
			isa = PBXContainerItemProxy;
			containerPortal = 3C4F09F42A54399F009DF8AB /* Project object */;
			proxyType = 1;
			remoteGlobalIDString = 3C10A7682A72A6FC0040F1A9;
			remoteInfo = "Lunar Stickers MessagesExtension";
		};
/* End PBXContainerItemProxy section */

/* Begin PBXCopyFilesBuildPhase section */
		3C10A77C2A72A6FC0040F1A9 /* Embed Foundation Extensions */ = {
			isa = PBXCopyFilesBuildPhase;
			buildActionMask = 2147483647;
			dstPath = "";
			dstSubfolderSpec = 13;
			files = (
				3C10A76A2A72A6FC0040F1A9 /* Lunar Stickers MessagesExtension.appex in Embed Foundation Extensions */,
			);
			name = "Embed Foundation Extensions";
			runOnlyForDeploymentPostprocessing = 0;
		};
		3C74D59F2A6B29480057505A /* Embed Foundation Extensions */ = {
			isa = PBXCopyFilesBuildPhase;
			buildActionMask = 2147483647;
			dstPath = "$(EXTENSIONS_FOLDER_PATH)";
			dstSubfolderSpec = 16;
			files = (
			);
			name = "Embed Foundation Extensions";
			runOnlyForDeploymentPostprocessing = 0;
		};
/* End PBXCopyFilesBuildPhase section */

/* Begin PBXFileReference section */
		3C10A7612A72A6FB0040F1A9 /* Lunar Stickers.app */ = {isa = PBXFileReference; explicitFileType = wrapper.application; includeInIndex = 0; path = "Lunar Stickers.app"; sourceTree = BUILT_PRODUCTS_DIR; };
		3C10A7632A72A6FC0040F1A9 /* Assets.xcassets */ = {isa = PBXFileReference; lastKnownFileType = folder.assetcatalog; path = Assets.xcassets; sourceTree = "<group>"; };
		3C10A7692A72A6FC0040F1A9 /* Lunar Stickers MessagesExtension.appex */ = {isa = PBXFileReference; explicitFileType = "wrapper.app-extension"; includeInIndex = 0; path = "Lunar Stickers MessagesExtension.appex"; sourceTree = BUILT_PRODUCTS_DIR; };
		3C10A76E2A72A6FC0040F1A9 /* Messages.framework */ = {isa = PBXFileReference; lastKnownFileType = wrapper.framework; name = Messages.framework; path = System/Library/Frameworks/Messages.framework; sourceTree = SDKROOT; };
		3C10A7712A72A6FC0040F1A9 /* MessagesViewController.swift */ = {isa = PBXFileReference; lastKnownFileType = sourcecode.swift; path = MessagesViewController.swift; sourceTree = "<group>"; };
		3C10A7742A72A6FC0040F1A9 /* Base */ = {isa = PBXFileReference; lastKnownFileType = file.storyboard; name = Base; path = Base.lproj/MainInterface.storyboard; sourceTree = "<group>"; };
		3C10A7762A72A6FC0040F1A9 /* Assets.xcassets */ = {isa = PBXFileReference; lastKnownFileType = folder.assetcatalog; path = Assets.xcassets; sourceTree = "<group>"; };
		3C10A7782A72A6FC0040F1A9 /* Info.plist */ = {isa = PBXFileReference; lastKnownFileType = text.plist.xml; path = Info.plist; sourceTree = "<group>"; };
		3C10A7802A72A8E90040F1A9 /* Lunar Stickers MessagesExtension.entitlements */ = {isa = PBXFileReference; lastKnownFileType = text.plist.entitlements; path = "Lunar Stickers MessagesExtension.entitlements"; sourceTree = "<group>"; };
		3C113C382A6E71E100FDE5CE /* SettingsAccountView.swift */ = {isa = PBXFileReference; fileEncoding = 4; lastKnownFileType = sourcecode.swift; path = SettingsAccountView.swift; sourceTree = "<group>"; };
		3C113C3A2A6E7E4800FDE5CE /* SettingsAccountNavLabel.swift */ = {isa = PBXFileReference; fileEncoding = 4; lastKnownFileType = sourcecode.swift; path = SettingsAccountNavLabel.swift; sourceTree = "<group>"; };
		3C113C3C2A6E8B0C00FDE5CE /* SettingsAppearanceSectionView.swift */ = {isa = PBXFileReference; lastKnownFileType = sourcecode.swift; path = SettingsAppearanceSectionView.swift; sourceTree = "<group>"; };
		3C113C3E2A6E8C9400FDE5CE /* SettingsGeneralSectionView.swift */ = {isa = PBXFileReference; fileEncoding = 4; lastKnownFileType = sourcecode.swift; path = SettingsGeneralSectionView.swift; sourceTree = "<group>"; };
		3C113C402A6E8EEA00FDE5CE /* SettingsInfoSectionView.swift */ = {isa = PBXFileReference; fileEncoding = 4; lastKnownFileType = sourcecode.swift; path = SettingsInfoSectionView.swift; sourceTree = "<group>"; };
		3C113C422A6EA92600FDE5CE /* SettingsServerSelectionSectionView.swift */ = {isa = PBXFileReference; fileEncoding = 4; lastKnownFileType = sourcecode.swift; path = SettingsServerSelectionSectionView.swift; sourceTree = "<group>"; };
		3C15DFED2A6D992A0038EFCD /* CommunitySpecificPostsListView.swift */ = {isa = PBXFileReference; fileEncoding = 4; lastKnownFileType = sourcecode.swift; path = CommunitySpecificPostsListView.swift; sourceTree = "<group>"; };
		3C1A3F542A731C3F00898FC6 /* ImageExtension.swift */ = {isa = PBXFileReference; lastKnownFileType = sourcecode.swift; path = ImageExtension.swift; sourceTree = "<group>"; };
		3C1A3F582A73B17E00898FC6 /* LoginView.swift */ = {isa = PBXFileReference; fileEncoding = 4; lastKnownFileType = sourcecode.swift; path = LoginView.swift; sourceTree = "<group>"; };
		3C1A3F5A2A73B2B800898FC6 /* KeychainInterface.swift */ = {isa = PBXFileReference; lastKnownFileType = sourcecode.swift; path = KeychainInterface.swift; sourceTree = "<group>"; };
		3C1A3F5C2A73BC9F00898FC6 /* CredentialsModel.swift */ = {isa = PBXFileReference; fileEncoding = 4; lastKnownFileType = sourcecode.swift; path = CredentialsModel.swift; sourceTree = "<group>"; };
		3C1A3F5E2A73D64C00898FC6 /* LoginHelper.swift */ = {isa = PBXFileReference; lastKnownFileType = sourcecode.swift; path = LoginHelper.swift; sourceTree = "<group>"; };
		3C4B7DD72A58A741003C8192 /* CommentModel.swift */ = {isa = PBXFileReference; fileEncoding = 4; lastKnownFileType = sourcecode.swift; path = CommentModel.swift; sourceTree = "<group>"; };
		3C4F09FC2A54399F009DF8AB /* Lunar.app */ = {isa = PBXFileReference; explicitFileType = wrapper.application; includeInIndex = 0; path = Lunar.app; sourceTree = BUILT_PRODUCTS_DIR; };
		3C4F09FF2A54399F009DF8AB /* LunarApp.swift */ = {isa = PBXFileReference; lastKnownFileType = sourcecode.swift; path = LunarApp.swift; sourceTree = "<group>"; };
		3C4F0A032A54399F009DF8AB /* Assets.xcassets */ = {isa = PBXFileReference; lastKnownFileType = folder.assetcatalog; path = Assets.xcassets; sourceTree = "<group>"; };
		3C522F3A2A63241900129CAC /* TrendingCommunitiesFetcher.swift */ = {isa = PBXFileReference; fileEncoding = 4; lastKnownFileType = sourcecode.swift; path = TrendingCommunitiesFetcher.swift; sourceTree = "<group>"; };
		3C5ECB1E2A75ABFE002BA561 /* EmailToUsernameConverter.swift */ = {isa = PBXFileReference; lastKnownFileType = sourcecode.swift; path = EmailToUsernameConverter.swift; sourceTree = "<group>"; };
		3C5ECB232A766D64002BA561 /* DebugLoginPagePropertiesView.swift */ = {isa = PBXFileReference; lastKnownFileType = sourcecode.swift; path = DebugLoginPagePropertiesView.swift; sourceTree = "<group>"; };
		3C5ECB252A766E31002BA561 /* DebugAccountsPropertiesView.swift */ = {isa = PBXFileReference; fileEncoding = 4; lastKnownFileType = sourcecode.swift; path = DebugAccountsPropertiesView.swift; sourceTree = "<group>"; };
		3C6299D02A751A5900BE2A9F /* TextExtension.swift */ = {isa = PBXFileReference; lastKnownFileType = sourcecode.swift; path = TextExtension.swift; sourceTree = "<group>"; };
		3C62C23E2A72AA4D003BAC5B /* Lunar.entitlements */ = {isa = PBXFileReference; lastKnownFileType = text.plist.entitlements; path = Lunar.entitlements; sourceTree = "<group>"; };
		3C62C23F2A72AABD003BAC5B /* Info.plist */ = {isa = PBXFileReference; lastKnownFileType = text.plist; path = Info.plist; sourceTree = "<group>"; };
		3C62C2522A72DF10003BAC5B /* LunarShareScreenshot.png */ = {isa = PBXFileReference; lastKnownFileType = image.png; path = LunarShareScreenshot.png; sourceTree = "<group>"; };
		3C62C2542A72F4BC003BAC5B /* SplashScreenView.swift */ = {isa = PBXFileReference; lastKnownFileType = sourcecode.swift; path = SplashScreenView.swift; sourceTree = "<group>"; };
		3C62C2582A7309DC003BAC5B /* SettingsAppIconView.swift */ = {isa = PBXFileReference; lastKnownFileType = sourcecode.swift; path = SettingsAppIconView.swift; sourceTree = "<group>"; };
		3C6588582A6169EB00A46DA3 /* SettingsView.swift */ = {isa = PBXFileReference; lastKnownFileType = sourcecode.swift; path = SettingsView.swift; sourceTree = "<group>"; };
		3C65885C2A6189AF00A46DA3 /* CommentsFetcher.swift */ = {isa = PBXFileReference; fileEncoding = 4; lastKnownFileType = sourcecode.swift; path = CommentsFetcher.swift; sourceTree = "<group>"; };
		3C65885E2A621C6100A46DA3 /* MoreCommunitiesView.swift */ = {isa = PBXFileReference; lastKnownFileType = sourcecode.swift; path = MoreCommunitiesView.swift; sourceTree = "<group>"; };
		3C72E21A2A71735E00C794C6 /* InPostThumbnailImageView.swift */ = {isa = PBXFileReference; fileEncoding = 4; lastKnownFileType = sourcecode.swift; path = InPostThumbnailImageView.swift; sourceTree = "<group>"; };
		3C87092B2A745CE2004999CE /* ArrayExtension.swift */ = {isa = PBXFileReference; lastKnownFileType = sourcecode.swift; path = ArrayExtension.swift; sourceTree = "<group>"; };
		3C87092D2A74647A004999CE /* BindingExtension.swift */ = {isa = PBXFileReference; lastKnownFileType = sourcecode.swift; path = BindingExtension.swift; sourceTree = "<group>"; };
		3C87092F2A747065004999CE /* UserRowView.swift */ = {isa = PBXFileReference; lastKnownFileType = sourcecode.swift; path = UserRowView.swift; sourceTree = "<group>"; };
		3C8709312A747B91004999CE /* SiteModel.swift */ = {isa = PBXFileReference; lastKnownFileType = sourcecode.swift; path = SiteModel.swift; sourceTree = "<group>"; };
		3C8709332A747C92004999CE /* SiteFetcher.swift */ = {isa = PBXFileReference; fileEncoding = 4; lastKnownFileType = sourcecode.swift; path = SiteFetcher.swift; sourceTree = "<group>"; };
		3C8A850C2A7562980005711A /* LoggedInUserRowView.swift */ = {isa = PBXFileReference; fileEncoding = 4; lastKnownFileType = sourcecode.swift; path = LoggedInUserRowView.swift; sourceTree = "<group>"; };
		3CA3CBC22A5B026800D0D645 /* AggregatedPostsFetcher.swift */ = {isa = PBXFileReference; lastKnownFileType = sourcecode.swift; path = AggregatedPostsFetcher.swift; sourceTree = "<group>"; };
		3CA5C4092A574FF500BF8F1B /* PostsListModel.swift */ = {isa = PBXFileReference; lastKnownFileType = sourcecode.swift; path = PostsListModel.swift; sourceTree = "<group>"; };
		3CA5C40D2A57525500BF8F1B /* AggregatedPostsListView.swift */ = {isa = PBXFileReference; fileEncoding = 4; lastKnownFileType = sourcecode.swift; path = AggregatedPostsListView.swift; sourceTree = "<group>"; };
		3CA5C40F2A5753AC00BF8F1B /* PostRowView.swift */ = {isa = PBXFileReference; fileEncoding = 4; lastKnownFileType = sourcecode.swift; path = PostRowView.swift; sourceTree = "<group>"; };
		3CA92E372A543BF000688DEB /* ContentView.swift */ = {isa = PBXFileReference; fileEncoding = 4; lastKnownFileType = sourcecode.swift; path = ContentView.swift; sourceTree = "<group>"; };
		3CA92E382A543BF000688DEB /* CommunityModel.swift */ = {isa = PBXFileReference; fileEncoding = 4; lastKnownFileType = sourcecode.swift; path = CommunityModel.swift; sourceTree = "<group>"; };
		3CA92E402A54962B00688DEB /* lemmy-world-active-communities-placeholder.json */ = {isa = PBXFileReference; fileEncoding = 4; lastKnownFileType = text.json; path = "lemmy-world-active-communities-placeholder.json"; sourceTree = "<group>"; };
		3CA92E422A549A7F00688DEB /* CommunityRowView.swift */ = {isa = PBXFileReference; lastKnownFileType = sourcecode.swift; path = CommunityRowView.swift; sourceTree = "<group>"; };
		3CB408B32A5C558B00B7C983 /* CommunitiesFetcher.swift */ = {isa = PBXFileReference; fileEncoding = 4; lastKnownFileType = sourcecode.swift; path = CommunitiesFetcher.swift; sourceTree = "<group>"; };
		3CB527372A6C28EC0095F351 /* MoreCommunitiesRowView.swift */ = {isa = PBXFileReference; fileEncoding = 4; lastKnownFileType = sourcecode.swift; path = MoreCommunitiesRowView.swift; sourceTree = "<group>"; };
		3CB8D2652A55EFF900EE615A /* PlaceholderView.swift */ = {isa = PBXFileReference; lastKnownFileType = sourcecode.swift; path = PlaceholderView.swift; sourceTree = "<group>"; };
		3CB8D2672A55F45900EE615A /* FeedView.swift */ = {isa = PBXFileReference; lastKnownFileType = sourcecode.swift; path = FeedView.swift; sourceTree = "<group>"; };
		3CB8D2692A561E0700EE615A /* AggregatedCommunityRowView.swift */ = {isa = PBXFileReference; lastKnownFileType = sourcecode.swift; path = AggregatedCommunityRowView.swift; sourceTree = "<group>"; };
		3CBCCDF52A589F2C00307AC1 /* CommentsView.swift */ = {isa = PBXFileReference; lastKnownFileType = sourcecode.swift; path = CommentsView.swift; sourceTree = "<group>"; };
		3CC734A32A6D58C6007523B5 /* URLBuilder.swift */ = {isa = PBXFileReference; lastKnownFileType = sourcecode.swift; path = URLBuilder.swift; sourceTree = "<group>"; };
		3CC734A52A6D591A007523B5 /* URLComponentsExtension.swift */ = {isa = PBXFileReference; fileEncoding = 4; lastKnownFileType = sourcecode.swift; path = URLComponentsExtension.swift; sourceTree = "<group>"; };
		3CC734A72A6D67B7007523B5 /* CommunitySpecificPostsFetcher.swift */ = {isa = PBXFileReference; fileEncoding = 4; lastKnownFileType = sourcecode.swift; path = CommunitySpecificPostsFetcher.swift; sourceTree = "<group>"; };
		3CC734A92A6D697C007523B5 /* InsertSorter.swift */ = {isa = PBXFileReference; lastKnownFileType = sourcecode.swift; path = InsertSorter.swift; sourceTree = "<group>"; };
		3CCAA8BE2A65309E007CCEC2 /* NoInternetConnectionView.swift */ = {isa = PBXFileReference; fileEncoding = 4; lastKnownFileType = sourcecode.swift; path = NoInternetConnectionView.swift; sourceTree = "<group>"; };
		3CCAA8C02A65358C007CCEC2 /* NetworkMonitor.swift */ = {isa = PBXFileReference; fileEncoding = 4; lastKnownFileType = sourcecode.swift; path = NetworkMonitor.swift; sourceTree = "<group>"; };
		3CDF229C2A6D436B009281F2 /* Settings.swift */ = {isa = PBXFileReference; lastKnownFileType = sourcecode.swift; path = Settings.swift; sourceTree = "<group>"; };
		3CEA54452A59E6FB009E4FB3 /* MockData.swift */ = {isa = PBXFileReference; fileEncoding = 4; lastKnownFileType = sourcecode.swift; path = MockData.swift; sourceTree = "<group>"; };
		3CED89782A71A54500BD9086 /* ImageModifier.swift */ = {isa = PBXFileReference; lastKnownFileType = sourcecode.swift; path = ImageModifier.swift; sourceTree = "<group>"; };
		3CED897A2A71A5CF00BD9086 /* ImagePopoverView.swift */ = {isa = PBXFileReference; fileEncoding = 4; lastKnownFileType = sourcecode.swift; path = ImagePopoverView.swift; sourceTree = "<group>"; };
		3CED897C2A71DCFF00BD9086 /* SettingsHiddenOptionsView.swift */ = {isa = PBXFileReference; fileEncoding = 4; lastKnownFileType = sourcecode.swift; path = SettingsHiddenOptionsView.swift; sourceTree = "<group>"; };
		3CEF4CC12A69B38B002B83C0 /* SubscribedCommunitiesView.swift */ = {isa = PBXFileReference; lastKnownFileType = sourcecode.swift; path = SubscribedCommunitiesView.swift; sourceTree = "<group>"; };
		3CEF4CC32A69B39B002B83C0 /* TrendingCommunitiesSectionView.swift */ = {isa = PBXFileReference; lastKnownFileType = sourcecode.swift; path = TrendingCommunitiesSectionView.swift; sourceTree = "<group>"; };
		3CEF4CC52A69B3AD002B83C0 /* MoreCommunitiesButtonView.swift */ = {isa = PBXFileReference; lastKnownFileType = sourcecode.swift; path = MoreCommunitiesButtonView.swift; sourceTree = "<group>"; };
		3CEF4CC72A69B3C3002B83C0 /* AggregatedCommunitiesSectionView.swift */ = {isa = PBXFileReference; lastKnownFileType = sourcecode.swift; path = AggregatedCommunitiesSectionView.swift; sourceTree = "<group>"; };
		3CEF4CC92A69B6FA002B83C0 /* InPostCommunityHeaderView.swift */ = {isa = PBXFileReference; lastKnownFileType = sourcecode.swift; path = InPostCommunityHeaderView.swift; sourceTree = "<group>"; };
		3CEF4CCB2A69B70C002B83C0 /* InPostThumbnailView.swift */ = {isa = PBXFileReference; lastKnownFileType = sourcecode.swift; path = InPostThumbnailView.swift; sourceTree = "<group>"; };
		3CEF4CCD2A69B71C002B83C0 /* InPostUserView.swift */ = {isa = PBXFileReference; lastKnownFileType = sourcecode.swift; path = InPostUserView.swift; sourceTree = "<group>"; };
		3CEF4CCF2A69B738002B83C0 /* InPostMetadataView.swift */ = {isa = PBXFileReference; lastKnownFileType = sourcecode.swift; path = InPostMetadataView.swift; sourceTree = "<group>"; };
		3CEF4CD22A69B770002B83C0 /* StringExtension.swift */ = {isa = PBXFileReference; lastKnownFileType = sourcecode.swift; path = StringExtension.swift; sourceTree = "<group>"; };
		3CEF4CD42A69B798002B83C0 /* URLParser.swift */ = {isa = PBXFileReference; lastKnownFileType = sourcecode.swift; path = URLParser.swift; sourceTree = "<group>"; };
		3CEF4CD62A69B7A8002B83C0 /* ImageViewWithPlaceholder.swift */ = {isa = PBXFileReference; lastKnownFileType = sourcecode.swift; path = ImageViewWithPlaceholder.swift; sourceTree = "<group>"; };
		3CEF4CD82A69B80A002B83C0 /* CommentIndentGuideView.swift */ = {isa = PBXFileReference; lastKnownFileType = sourcecode.swift; path = CommentIndentGuideView.swift; sourceTree = "<group>"; };
		3CF3F9BF2A6EE0390051E725 /* SettingsClearCacheButtonView.swift */ = {isa = PBXFileReference; fileEncoding = 4; lastKnownFileType = sourcecode.swift; path = SettingsClearCacheButtonView.swift; sourceTree = "<group>"; };
		3CF3F9C12A6EE20C0051E725 /* ViewExtension.swift */ = {isa = PBXFileReference; lastKnownFileType = sourcecode.swift; path = ViewExtension.swift; sourceTree = "<group>"; };
/* End PBXFileReference section */

/* Begin PBXFrameworksBuildPhase section */
		3C10A7662A72A6FC0040F1A9 /* Frameworks */ = {
			isa = PBXFrameworksBuildPhase;
			buildActionMask = 2147483647;
			files = (
				3C10A76F2A72A6FC0040F1A9 /* Messages.framework in Frameworks */,
			);
			runOnlyForDeploymentPostprocessing = 0;
		};
		3C4F09F92A54399F009DF8AB /* Frameworks */ = {
			isa = PBXFrameworksBuildPhase;
			buildActionMask = 2147483647;
			files = (
				3CEF196B2A580672006736EF /* Kingfisher in Frameworks */,
				3C4B7DDB2A58AD23003C8192 /* Alamofire in Frameworks */,
			);
			runOnlyForDeploymentPostprocessing = 0;
		};
/* End PBXFrameworksBuildPhase section */

/* Begin PBXGroup section */
		3C10A7622A72A6FB0040F1A9 /* Lunar Stickers */ = {
			isa = PBXGroup;
			children = (
				3C10A7632A72A6FC0040F1A9 /* Assets.xcassets */,
			);
			path = "Lunar Stickers";
			sourceTree = "<group>";
		};
		3C10A76D2A72A6FC0040F1A9 /* Frameworks */ = {
			isa = PBXGroup;
			children = (
				3C10A76E2A72A6FC0040F1A9 /* Messages.framework */,
			);
			name = Frameworks;
			sourceTree = "<group>";
		};
		3C10A7702A72A6FC0040F1A9 /* Lunar Stickers MessagesExtension */ = {
			isa = PBXGroup;
			children = (
				3C62C2522A72DF10003BAC5B /* LunarShareScreenshot.png */,
				3C10A7802A72A8E90040F1A9 /* Lunar Stickers MessagesExtension.entitlements */,
				3C10A7712A72A6FC0040F1A9 /* MessagesViewController.swift */,
				3C10A7732A72A6FC0040F1A9 /* MainInterface.storyboard */,
				3C10A7762A72A6FC0040F1A9 /* Assets.xcassets */,
				3C10A7782A72A6FC0040F1A9 /* Info.plist */,
			);
			path = "Lunar Stickers MessagesExtension";
			sourceTree = "<group>";
		};
		3C15DFEC2A6D8C5A0038EFCD /* Tools */ = {
			isa = PBXGroup;
			children = (
				3CED89782A71A54500BD9086 /* ImageModifier.swift */,
				3CC734A92A6D697C007523B5 /* InsertSorter.swift */,
				3CCAA8C02A65358C007CCEC2 /* NetworkMonitor.swift */,
				3CC734A52A6D591A007523B5 /* URLComponentsExtension.swift */,
				3CEF4CD22A69B770002B83C0 /* StringExtension.swift */,
				3CEF4CD42A69B798002B83C0 /* URLParser.swift */,
				3CC734A32A6D58C6007523B5 /* URLBuilder.swift */,
				3CF3F9C12A6EE20C0051E725 /* ViewExtension.swift */,
				3C1A3F542A731C3F00898FC6 /* ImageExtension.swift */,
				3C1A3F5A2A73B2B800898FC6 /* KeychainInterface.swift */,
				3C87092B2A745CE2004999CE /* ArrayExtension.swift */,
				3C87092D2A74647A004999CE /* BindingExtension.swift */,
				3C6299D02A751A5900BE2A9F /* TextExtension.swift */,
			);
			path = Tools;
			sourceTree = "<group>";
		};
		3C4F09F32A54399F009DF8AB = {
			isa = PBXGroup;
			children = (
				3C4F09FE2A54399F009DF8AB /* Lunar */,
				3C10A76D2A72A6FC0040F1A9 /* Frameworks */,
				3C10A7702A72A6FC0040F1A9 /* Lunar Stickers MessagesExtension */,
				3C10A7622A72A6FB0040F1A9 /* Lunar Stickers */,
				3C4F09FD2A54399F009DF8AB /* Products */,
			);
			sourceTree = "<group>";
		};
		3C4F09FD2A54399F009DF8AB /* Products */ = {
			isa = PBXGroup;
			children = (
				3C4F09FC2A54399F009DF8AB /* Lunar.app */,
				3C10A7612A72A6FB0040F1A9 /* Lunar Stickers.app */,
				3C10A7692A72A6FC0040F1A9 /* Lunar Stickers MessagesExtension.appex */,
			);
			name = Products;
			sourceTree = "<group>";
		};
		3C4F09FE2A54399F009DF8AB /* Lunar */ = {
			isa = PBXGroup;
			children = (
				3C4F0A032A54399F009DF8AB /* Assets.xcassets */,
				3C62C23F2A72AABD003BAC5B /* Info.plist */,
				3C62C23E2A72AA4D003BAC5B /* Lunar.entitlements */,
				3C4F09FF2A54399F009DF8AB /* LunarApp.swift */,
				3C62C2542A72F4BC003BAC5B /* SplashScreenView.swift */,
				3CA92E372A543BF000688DEB /* ContentView.swift */,
				3CEF4CD62A69B7A8002B83C0 /* ImageViewWithPlaceholder.swift */,
				3CB8D2652A55EFF900EE615A /* PlaceholderView.swift */,
				3CCAA8BE2A65309E007CCEC2 /* NoInternetConnectionView.swift */,
				3CDF229C2A6D436B009281F2 /* Settings.swift */,
				3C5ECB222A766D27002BA561 /* Login Views */,
				3CDF22992A6D3FEF009281F2 /* Settings Views */,
				3CCAE1852A6ADE5F0040EE12 /* Feed Views */,
				3CCAE1822A6ADD9B0040EE12 /* More Communities Views */,
				3CCAE1832A6ADDBA0040EE12 /* Post Views */,
				3CCAE1842A6ADDE20040EE12 /* Comment View */,
				3CA5C4062A5743EB00BF8F1B /* DataLoaders */,
				3CA5C4082A57443200BF8F1B /* DataModels */,
				3C15DFEC2A6D8C5A0038EFCD /* Tools */,
				3CEA54442A59E633009E4FB3 /* MockData */,
			);
			path = Lunar;
			sourceTree = "<group>";
		};
		3C5ECB222A766D27002BA561 /* Login Views */ = {
			isa = PBXGroup;
			children = (
				3C1A3F582A73B17E00898FC6 /* LoginView.swift */,
				3C5ECB232A766D64002BA561 /* DebugLoginPagePropertiesView.swift */,
				3C5ECB252A766E31002BA561 /* DebugAccountsPropertiesView.swift */,
				3C1A3F5E2A73D64C00898FC6 /* LoginHelper.swift */,
			);
			path = "Login Views";
			sourceTree = "<group>";
		};
		3CA5C4062A5743EB00BF8F1B /* DataLoaders */ = {
			isa = PBXGroup;
			children = (
				3CA3CBC22A5B026800D0D645 /* AggregatedPostsFetcher.swift */,
				3CC734A72A6D67B7007523B5 /* CommunitySpecificPostsFetcher.swift */,
				3C65885C2A6189AF00A46DA3 /* CommentsFetcher.swift */,
				3CB408B32A5C558B00B7C983 /* CommunitiesFetcher.swift */,
				3C522F3A2A63241900129CAC /* TrendingCommunitiesFetcher.swift */,
				3C8709332A747C92004999CE /* SiteFetcher.swift */,
				3C5ECB1E2A75ABFE002BA561 /* EmailToUsernameConverter.swift */,
			);
			path = DataLoaders;
			sourceTree = "<group>";
		};
		3CA5C4082A57443200BF8F1B /* DataModels */ = {
			isa = PBXGroup;
			children = (
				3CA92E382A543BF000688DEB /* CommunityModel.swift */,
				3C4B7DD72A58A741003C8192 /* CommentModel.swift */,
				3C1A3F5C2A73BC9F00898FC6 /* CredentialsModel.swift */,
				3CA5C4092A574FF500BF8F1B /* PostsListModel.swift */,
				3C8709312A747B91004999CE /* SiteModel.swift */,
			);
			path = DataModels;
			sourceTree = "<group>";
		};
		3CCAE1822A6ADD9B0040EE12 /* More Communities Views */ = {
			isa = PBXGroup;
			children = (
				3CEF4CC52A69B3AD002B83C0 /* MoreCommunitiesButtonView.swift */,
				3C65885E2A621C6100A46DA3 /* MoreCommunitiesView.swift */,
				3CB527372A6C28EC0095F351 /* MoreCommunitiesRowView.swift */,
			);
			path = "More Communities Views";
			sourceTree = "<group>";
		};
		3CCAE1832A6ADDBA0040EE12 /* Post Views */ = {
			isa = PBXGroup;
			children = (
				3CA5C40D2A57525500BF8F1B /* AggregatedPostsListView.swift */,
				3C15DFED2A6D992A0038EFCD /* CommunitySpecificPostsListView.swift */,
				3CA5C40F2A5753AC00BF8F1B /* PostRowView.swift */,
				3CEF4CCF2A69B738002B83C0 /* InPostMetadataView.swift */,
				3CEF4CCD2A69B71C002B83C0 /* InPostUserView.swift */,
				3CEF4CCB2A69B70C002B83C0 /* InPostThumbnailView.swift */,
				3C72E21A2A71735E00C794C6 /* InPostThumbnailImageView.swift */,
				3CED897A2A71A5CF00BD9086 /* ImagePopoverView.swift */,
				3CEF4CC92A69B6FA002B83C0 /* InPostCommunityHeaderView.swift */,
			);
			path = "Post Views";
			sourceTree = "<group>";
		};
		3CCAE1842A6ADDE20040EE12 /* Comment View */ = {
			isa = PBXGroup;
			children = (
				3CBCCDF52A589F2C00307AC1 /* CommentsView.swift */,
				3CEF4CD82A69B80A002B83C0 /* CommentIndentGuideView.swift */,
			);
			path = "Comment View";
			sourceTree = "<group>";
		};
		3CCAE1852A6ADE5F0040EE12 /* Feed Views */ = {
			isa = PBXGroup;
			children = (
				3CB8D2672A55F45900EE615A /* FeedView.swift */,
				3CEF4CC72A69B3C3002B83C0 /* AggregatedCommunitiesSectionView.swift */,
				3CB8D2692A561E0700EE615A /* AggregatedCommunityRowView.swift */,
				3CEF4CC32A69B39B002B83C0 /* TrendingCommunitiesSectionView.swift */,
				3CEF4CC12A69B38B002B83C0 /* SubscribedCommunitiesView.swift */,
				3CA92E422A549A7F00688DEB /* CommunityRowView.swift */,
			);
			path = "Feed Views";
			sourceTree = "<group>";
		};
		3CDF22992A6D3FEF009281F2 /* Settings Views */ = {
			isa = PBXGroup;
			children = (
				3C6588582A6169EB00A46DA3 /* SettingsView.swift */,
				3C62C2582A7309DC003BAC5B /* SettingsAppIconView.swift */,
				3CF3F9BF2A6EE0390051E725 /* SettingsClearCacheButtonView.swift */,
				3C113C3C2A6E8B0C00FDE5CE /* SettingsAppearanceSectionView.swift */,
				3CED897C2A71DCFF00BD9086 /* SettingsHiddenOptionsView.swift */,
				3C113C402A6E8EEA00FDE5CE /* SettingsInfoSectionView.swift */,
				3C113C422A6EA92600FDE5CE /* SettingsServerSelectionSectionView.swift */,
				3C113C3E2A6E8C9400FDE5CE /* SettingsGeneralSectionView.swift */,
				3C113C3A2A6E7E4800FDE5CE /* SettingsAccountNavLabel.swift */,
				3C113C382A6E71E100FDE5CE /* SettingsAccountView.swift */,
				3C87092F2A747065004999CE /* UserRowView.swift */,
				3C8A850C2A7562980005711A /* LoggedInUserRowView.swift */,
			);
			path = "Settings Views";
			sourceTree = "<group>";
		};
		3CEA54442A59E633009E4FB3 /* MockData */ = {
			isa = PBXGroup;
			children = (
				3CA92E402A54962B00688DEB /* lemmy-world-active-communities-placeholder.json */,
				3CEA54452A59E6FB009E4FB3 /* MockData.swift */,
			);
			path = MockData;
			sourceTree = "<group>";
		};
/* End PBXGroup section */

/* Begin PBXNativeTarget section */
		3C10A7602A72A6FB0040F1A9 /* Lunar Stickers */ = {
			isa = PBXNativeTarget;
			buildConfigurationList = 3C10A77D2A72A6FC0040F1A9 /* Build configuration list for PBXNativeTarget "Lunar Stickers" */;
			buildPhases = (
				3C10A75F2A72A6FB0040F1A9 /* Resources */,
				3C10A77C2A72A6FC0040F1A9 /* Embed Foundation Extensions */,
			);
			buildRules = (
			);
			dependencies = (
				3C10A76C2A72A6FC0040F1A9 /* PBXTargetDependency */,
			);
			name = "Lunar Stickers";
			productName = "Lunar Stickers";
			productReference = 3C10A7612A72A6FB0040F1A9 /* Lunar Stickers.app */;
			productType = "com.apple.product-type.application.messages";
		};
		3C10A7682A72A6FC0040F1A9 /* Lunar Stickers MessagesExtension */ = {
			isa = PBXNativeTarget;
			buildConfigurationList = 3C10A7792A72A6FC0040F1A9 /* Build configuration list for PBXNativeTarget "Lunar Stickers MessagesExtension" */;
			buildPhases = (
				3C10A7652A72A6FC0040F1A9 /* Sources */,
				3C10A7662A72A6FC0040F1A9 /* Frameworks */,
				3C10A7672A72A6FC0040F1A9 /* Resources */,
			);
			buildRules = (
			);
			dependencies = (
			);
			name = "Lunar Stickers MessagesExtension";
			productName = "Lunar Stickers MessagesExtension";
			productReference = 3C10A7692A72A6FC0040F1A9 /* Lunar Stickers MessagesExtension.appex */;
			productType = "com.apple.product-type.app-extension.messages";
		};
		3C4F09FB2A54399F009DF8AB /* Lunar */ = {
			isa = PBXNativeTarget;
			buildConfigurationList = 3C4F0A0C2A54399F009DF8AB /* Build configuration list for PBXNativeTarget "Lunar" */;
			buildPhases = (
				3C4F09F82A54399F009DF8AB /* Sources */,
				3C4F09F92A54399F009DF8AB /* Frameworks */,
				3C4F09FA2A54399F009DF8AB /* Resources */,
				3C74D59F2A6B29480057505A /* Embed Foundation Extensions */,
			);
			buildRules = (
			);
			dependencies = (
			);
			name = Lunar;
			packageProductDependencies = (
				3CEF196A2A580672006736EF /* Kingfisher */,
				3C4B7DDA2A58AD23003C8192 /* Alamofire */,
			);
			productName = Lunar;
			productReference = 3C4F09FC2A54399F009DF8AB /* Lunar.app */;
			productType = "com.apple.product-type.application";
		};
/* End PBXNativeTarget section */

/* Begin PBXProject section */
		3C4F09F42A54399F009DF8AB /* Project object */ = {
			isa = PBXProject;
			attributes = {
				BuildIndependentTargetsInParallel = 1;
				LastSwiftUpdateCheck = 1430;
				LastUpgradeCheck = 1500;
				TargetAttributes = {
					3C10A7602A72A6FB0040F1A9 = {
						CreatedOnToolsVersion = 14.3.1;
					};
					3C10A7682A72A6FC0040F1A9 = {
						CreatedOnToolsVersion = 14.3.1;
					};
					3C4F09FB2A54399F009DF8AB = {
						CreatedOnToolsVersion = 15.0;
					};
				};
			};
			buildConfigurationList = 3C4F09F72A54399F009DF8AB /* Build configuration list for PBXProject "Lunar" */;
			compatibilityVersion = "Xcode 14.0";
			developmentRegion = en;
			hasScannedForEncodings = 0;
			knownRegions = (
				en,
				Base,
			);
			mainGroup = 3C4F09F32A54399F009DF8AB;
			packageReferences = (
				3CEF19692A580672006736EF /* XCRemoteSwiftPackageReference "Kingfisher" */,
				3C4B7DD92A58AD23003C8192 /* XCRemoteSwiftPackageReference "Alamofire" */,
			);
			productRefGroup = 3C4F09FD2A54399F009DF8AB /* Products */;
			projectDirPath = "";
			projectRoot = "";
			targets = (
				3C4F09FB2A54399F009DF8AB /* Lunar */,
				3C10A7602A72A6FB0040F1A9 /* Lunar Stickers */,
				3C10A7682A72A6FC0040F1A9 /* Lunar Stickers MessagesExtension */,
			);
		};
/* End PBXProject section */

/* Begin PBXResourcesBuildPhase section */
		3C10A75F2A72A6FB0040F1A9 /* Resources */ = {
			isa = PBXResourcesBuildPhase;
			buildActionMask = 2147483647;
			files = (
				3C10A7642A72A6FC0040F1A9 /* Assets.xcassets in Resources */,
			);
			runOnlyForDeploymentPostprocessing = 0;
		};
		3C10A7672A72A6FC0040F1A9 /* Resources */ = {
			isa = PBXResourcesBuildPhase;
			buildActionMask = 2147483647;
			files = (
				3C10A7772A72A6FC0040F1A9 /* Assets.xcassets in Resources */,
				3C62C2532A72DF10003BAC5B /* LunarShareScreenshot.png in Resources */,
				3C10A7752A72A6FC0040F1A9 /* MainInterface.storyboard in Resources */,
			);
			runOnlyForDeploymentPostprocessing = 0;
		};
		3C4F09FA2A54399F009DF8AB /* Resources */ = {
			isa = PBXResourcesBuildPhase;
			buildActionMask = 2147483647;
			files = (
				3C1A3F532A731B8C00898FC6 /* Assets.xcassets in Resources */,
			);
			runOnlyForDeploymentPostprocessing = 0;
		};
/* End PBXResourcesBuildPhase section */

/* Begin PBXSourcesBuildPhase section */
		3C10A7652A72A6FC0040F1A9 /* Sources */ = {
			isa = PBXSourcesBuildPhase;
			buildActionMask = 2147483647;
			files = (
				3C10A7722A72A6FC0040F1A9 /* MessagesViewController.swift in Sources */,
			);
			runOnlyForDeploymentPostprocessing = 0;
		};
		3C4F09F82A54399F009DF8AB /* Sources */ = {
			isa = PBXSourcesBuildPhase;
			buildActionMask = 2147483647;
			files = (
				3C1A3F5D2A73BC9F00898FC6 /* CredentialsModel.swift in Sources */,
				3C4B7DD82A58A741003C8192 /* CommentModel.swift in Sources */,
				3C8709342A747C92004999CE /* SiteFetcher.swift in Sources */,
				3CEF4CC62A69B3AD002B83C0 /* MoreCommunitiesButtonView.swift in Sources */,
				3CEF4CD32A69B770002B83C0 /* StringExtension.swift in Sources */,
				3CEF4CD02A69B738002B83C0 /* InPostMetadataView.swift in Sources */,
				3C87092E2A74647A004999CE /* BindingExtension.swift in Sources */,
				3CEF4CCE2A69B71C002B83C0 /* InPostUserView.swift in Sources */,
				3C113C392A6E71E100FDE5CE /* SettingsAccountView.swift in Sources */,
				3C113C3F2A6E8C9400FDE5CE /* SettingsGeneralSectionView.swift in Sources */,
				3C1A3F5F2A73D64C00898FC6 /* LoginHelper.swift in Sources */,
				3CCAA8C12A65358C007CCEC2 /* NetworkMonitor.swift in Sources */,
				3C5ECB262A766E31002BA561 /* DebugAccountsPropertiesView.swift in Sources */,
				3CA5C4102A5753AC00BF8F1B /* PostRowView.swift in Sources */,
				3C8A850D2A7562980005711A /* LoggedInUserRowView.swift in Sources */,
				3CEF4CCA2A69B6FA002B83C0 /* InPostCommunityHeaderView.swift in Sources */,
				3CF3F9C22A6EE20C0051E725 /* ViewExtension.swift in Sources */,
				3CA5C40A2A574FF500BF8F1B /* PostsListModel.swift in Sources */,
				3CC734A82A6D67B7007523B5 /* CommunitySpecificPostsFetcher.swift in Sources */,
				3C87092C2A745CE2004999CE /* ArrayExtension.swift in Sources */,
				3CC734A42A6D58C6007523B5 /* URLBuilder.swift in Sources */,
				3C8709302A747065004999CE /* UserRowView.swift in Sources */,
				3CEF4CD92A69B80A002B83C0 /* CommentIndentGuideView.swift in Sources */,
				3CCAA8BF2A65309E007CCEC2 /* NoInternetConnectionView.swift in Sources */,
				3CA5C40E2A57525500BF8F1B /* AggregatedPostsListView.swift in Sources */,
				3CEF4CCC2A69B70C002B83C0 /* InPostThumbnailView.swift in Sources */,
				3CF3F9C02A6EE0390051E725 /* SettingsClearCacheButtonView.swift in Sources */,
				3CED89792A71A54500BD9086 /* ImageModifier.swift in Sources */,
				3CEF4CC22A69B38B002B83C0 /* SubscribedCommunitiesView.swift in Sources */,
				3CDF229D2A6D436B009281F2 /* Settings.swift in Sources */,
				3C113C412A6E8EEA00FDE5CE /* SettingsInfoSectionView.swift in Sources */,
				3CB527382A6C28EC0095F351 /* MoreCommunitiesRowView.swift in Sources */,
				3C113C3B2A6E7E4800FDE5CE /* SettingsAccountNavLabel.swift in Sources */,
				3C4F0A002A54399F009DF8AB /* LunarApp.swift in Sources */,
				3CED897B2A71A5CF00BD9086 /* ImagePopoverView.swift in Sources */,
				3CB8D2682A55F45900EE615A /* FeedView.swift in Sources */,
				3C5ECB1F2A75ABFE002BA561 /* EmailToUsernameConverter.swift in Sources */,
				3C62C2592A7309DC003BAC5B /* SettingsAppIconView.swift in Sources */,
				3CB8D26A2A561E0700EE615A /* AggregatedCommunityRowView.swift in Sources */,
				3C62C2552A72F4BC003BAC5B /* SplashScreenView.swift in Sources */,
				3C6299D12A751A5900BE2A9F /* TextExtension.swift in Sources */,
				3CA3CBC32A5B026800D0D645 /* AggregatedPostsFetcher.swift in Sources */,
				3CED897D2A71DCFF00BD9086 /* SettingsHiddenOptionsView.swift in Sources */,
				3C72E21B2A71735E00C794C6 /* InPostThumbnailImageView.swift in Sources */,
				3CEA54462A59E6FB009E4FB3 /* MockData.swift in Sources */,
				3CEF4CC82A69B3C3002B83C0 /* AggregatedCommunitiesSectionView.swift in Sources */,
				3C1A3F5B2A73B2B800898FC6 /* KeychainInterface.swift in Sources */,
				3C5ECB242A766D64002BA561 /* DebugLoginPagePropertiesView.swift in Sources */,
				3CC734A62A6D591A007523B5 /* URLComponentsExtension.swift in Sources */,
				3C522F3B2A63241900129CAC /* TrendingCommunitiesFetcher.swift in Sources */,
				3CEF4CD52A69B798002B83C0 /* URLParser.swift in Sources */,
				3CA92E3B2A543BF000688DEB /* CommunityModel.swift in Sources */,
				3CEF4CD72A69B7A8002B83C0 /* ImageViewWithPlaceholder.swift in Sources */,
				3CA92E3A2A543BF000688DEB /* ContentView.swift in Sources */,
				3CB408B42A5C558B00B7C983 /* CommunitiesFetcher.swift in Sources */,
				3C113C432A6EA92600FDE5CE /* SettingsServerSelectionSectionView.swift in Sources */,
				3C8709322A747B91004999CE /* SiteModel.swift in Sources */,
				3CA92E432A549A7F00688DEB /* CommunityRowView.swift in Sources */,
				3CEF4CC42A69B39B002B83C0 /* TrendingCommunitiesSectionView.swift in Sources */,
				3C113C3D2A6E8B0C00FDE5CE /* SettingsAppearanceSectionView.swift in Sources */,
				3CBCCDF62A589F2C00307AC1 /* CommentsView.swift in Sources */,
				3C65885F2A621C6100A46DA3 /* MoreCommunitiesView.swift in Sources */,
				3CC734AA2A6D697C007523B5 /* InsertSorter.swift in Sources */,
				3CB8D2662A55EFF900EE615A /* PlaceholderView.swift in Sources */,
				3C6588592A6169EB00A46DA3 /* SettingsView.swift in Sources */,
				3C15DFEE2A6D992A0038EFCD /* CommunitySpecificPostsListView.swift in Sources */,
				3C1A3F592A73B17E00898FC6 /* LoginView.swift in Sources */,
				3C1A3F552A731C3F00898FC6 /* ImageExtension.swift in Sources */,
				3C65885D2A6189AF00A46DA3 /* CommentsFetcher.swift in Sources */,
			);
			runOnlyForDeploymentPostprocessing = 0;
		};
/* End PBXSourcesBuildPhase section */

/* Begin PBXTargetDependency section */
		3C10A76C2A72A6FC0040F1A9 /* PBXTargetDependency */ = {
			isa = PBXTargetDependency;
			target = 3C10A7682A72A6FC0040F1A9 /* Lunar Stickers MessagesExtension */;
			targetProxy = 3C10A76B2A72A6FC0040F1A9 /* PBXContainerItemProxy */;
		};
/* End PBXTargetDependency section */

/* Begin PBXVariantGroup section */
		3C10A7732A72A6FC0040F1A9 /* MainInterface.storyboard */ = {
			isa = PBXVariantGroup;
			children = (
				3C10A7742A72A6FC0040F1A9 /* Base */,
			);
			name = MainInterface.storyboard;
			sourceTree = "<group>";
		};
/* End PBXVariantGroup section */

/* Begin XCBuildConfiguration section */
		3C10A77A2A72A6FC0040F1A9 /* Debug */ = {
			isa = XCBuildConfiguration;
			buildSettings = {
				ASSETCATALOG_COMPILER_APPICON_NAME = "iMessage App Icon";
				CODE_SIGN_ENTITLEMENTS = "Lunar Stickers MessagesExtension/Lunar Stickers MessagesExtension.entitlements";
				CODE_SIGN_STYLE = Automatic;
				CURRENT_PROJECT_VERSION = 1;
				DEVELOPMENT_TEAM = QR8TDZJV2W;
				GCC_C_LANGUAGE_STANDARD = gnu11;
				GENERATE_INFOPLIST_FILE = YES;
				INFOPLIST_FILE = "Lunar Stickers MessagesExtension/Info.plist";
				INFOPLIST_KEY_CFBundleDisplayName = "Lunar Stickers";
				INFOPLIST_KEY_NSHumanReadableCopyright = "";
				IPHONEOS_DEPLOYMENT_TARGET = 15.0;
				LD_RUNPATH_SEARCH_PATHS = (
					"$(inherited)",
					"@executable_path/Frameworks",
					"@executable_path/../../Frameworks",
				);
				MARKETING_VERSION = 1.0;
				PRODUCT_BUNDLE_IDENTIFIER = "io.github.mani-sh-reddy.Lunar-Stickers.MessagesExtension";
				PRODUCT_NAME = "$(TARGET_NAME)";
				SKIP_INSTALL = YES;
				SUPPORTED_PLATFORMS = "iphoneos iphonesimulator";
				SUPPORTS_MACCATALYST = NO;
				SUPPORTS_MAC_DESIGNED_FOR_IPHONE_IPAD = NO;
				SUPPORTS_XR_DESIGNED_FOR_IPHONE_IPAD = NO;
				SWIFT_ACTIVE_COMPILATION_CONDITIONS = DEBUG;
				SWIFT_EMIT_LOC_STRINGS = YES;
				SWIFT_VERSION = 5.0;
				TARGETED_DEVICE_FAMILY = 1;
			};
			name = Debug;
		};
		3C10A77B2A72A6FC0040F1A9 /* Release */ = {
			isa = XCBuildConfiguration;
			buildSettings = {
				ASSETCATALOG_COMPILER_APPICON_NAME = "iMessage App Icon";
				CODE_SIGN_ENTITLEMENTS = "Lunar Stickers MessagesExtension/Lunar Stickers MessagesExtension.entitlements";
				CODE_SIGN_STYLE = Automatic;
				CURRENT_PROJECT_VERSION = 1;
				DEVELOPMENT_TEAM = QR8TDZJV2W;
				GCC_C_LANGUAGE_STANDARD = gnu11;
				GENERATE_INFOPLIST_FILE = YES;
				INFOPLIST_FILE = "Lunar Stickers MessagesExtension/Info.plist";
				INFOPLIST_KEY_CFBundleDisplayName = "Lunar Stickers";
				INFOPLIST_KEY_NSHumanReadableCopyright = "";
				IPHONEOS_DEPLOYMENT_TARGET = 15.0;
				LD_RUNPATH_SEARCH_PATHS = (
					"$(inherited)",
					"@executable_path/Frameworks",
					"@executable_path/../../Frameworks",
				);
				MARKETING_VERSION = 1.0;
				PRODUCT_BUNDLE_IDENTIFIER = "io.github.mani-sh-reddy.Lunar-Stickers.MessagesExtension";
				PRODUCT_NAME = "$(TARGET_NAME)";
				SKIP_INSTALL = YES;
				SUPPORTED_PLATFORMS = "iphoneos iphonesimulator";
				SUPPORTS_MACCATALYST = NO;
				SUPPORTS_MAC_DESIGNED_FOR_IPHONE_IPAD = NO;
				SUPPORTS_XR_DESIGNED_FOR_IPHONE_IPAD = NO;
				SWIFT_EMIT_LOC_STRINGS = YES;
				SWIFT_OPTIMIZATION_LEVEL = "-O";
				SWIFT_VERSION = 5.0;
				TARGETED_DEVICE_FAMILY = 1;
			};
			name = Release;
		};
		3C10A77E2A72A6FC0040F1A9 /* Debug */ = {
			isa = XCBuildConfiguration;
			buildSettings = {
				ALWAYS_EMBED_SWIFT_STANDARD_LIBRARIES = YES;
				ASSETCATALOG_COMPILER_APPICON_NAME = AppIcon;
				CODE_SIGN_STYLE = Automatic;
				CURRENT_PROJECT_VERSION = 1;
				DEVELOPMENT_TEAM = QR8TDZJV2W;
				GCC_C_LANGUAGE_STANDARD = gnu11;
				GENERATE_INFOPLIST_FILE = YES;
				INFOPLIST_KEY_UILaunchStoryboardName = LaunchScreen;
				INFOPLIST_KEY_UISupportedInterfaceOrientations_iPad = "UIInterfaceOrientationPortrait UIInterfaceOrientationPortraitUpsideDown UIInterfaceOrientationLandscapeLeft UIInterfaceOrientationLandscapeRight";
				INFOPLIST_KEY_UISupportedInterfaceOrientations_iPhone = "UIInterfaceOrientationPortrait UIInterfaceOrientationLandscapeLeft UIInterfaceOrientationLandscapeRight";
				IPHONEOS_DEPLOYMENT_TARGET = 15.0;
				MARKETING_VERSION = 1.0;
				PRODUCT_BUNDLE_IDENTIFIER = "io.github.mani-sh-reddy.Lunar-Stickers";
				PRODUCT_NAME = "$(TARGET_NAME)";
				SUPPORTED_PLATFORMS = "iphoneos iphonesimulator";
				SUPPORTS_MACCATALYST = NO;
				SUPPORTS_MAC_DESIGNED_FOR_IPHONE_IPAD = NO;
				SUPPORTS_XR_DESIGNED_FOR_IPHONE_IPAD = NO;
				SWIFT_ACTIVE_COMPILATION_CONDITIONS = DEBUG;
				SWIFT_EMIT_LOC_STRINGS = YES;
				SWIFT_VERSION = 5.0;
				TARGETED_DEVICE_FAMILY = 1;
			};
			name = Debug;
		};
		3C10A77F2A72A6FC0040F1A9 /* Release */ = {
			isa = XCBuildConfiguration;
			buildSettings = {
				ALWAYS_EMBED_SWIFT_STANDARD_LIBRARIES = YES;
				ASSETCATALOG_COMPILER_APPICON_NAME = AppIcon;
				CODE_SIGN_STYLE = Automatic;
				CURRENT_PROJECT_VERSION = 1;
				DEVELOPMENT_TEAM = QR8TDZJV2W;
				GCC_C_LANGUAGE_STANDARD = gnu11;
				GENERATE_INFOPLIST_FILE = YES;
				INFOPLIST_KEY_UILaunchStoryboardName = LaunchScreen;
				INFOPLIST_KEY_UISupportedInterfaceOrientations_iPad = "UIInterfaceOrientationPortrait UIInterfaceOrientationPortraitUpsideDown UIInterfaceOrientationLandscapeLeft UIInterfaceOrientationLandscapeRight";
				INFOPLIST_KEY_UISupportedInterfaceOrientations_iPhone = "UIInterfaceOrientationPortrait UIInterfaceOrientationLandscapeLeft UIInterfaceOrientationLandscapeRight";
				IPHONEOS_DEPLOYMENT_TARGET = 15.0;
				MARKETING_VERSION = 1.0;
				PRODUCT_BUNDLE_IDENTIFIER = "io.github.mani-sh-reddy.Lunar-Stickers";
				PRODUCT_NAME = "$(TARGET_NAME)";
				SUPPORTED_PLATFORMS = "iphoneos iphonesimulator";
				SUPPORTS_MACCATALYST = NO;
				SUPPORTS_MAC_DESIGNED_FOR_IPHONE_IPAD = NO;
				SUPPORTS_XR_DESIGNED_FOR_IPHONE_IPAD = NO;
				SWIFT_EMIT_LOC_STRINGS = YES;
				SWIFT_OPTIMIZATION_LEVEL = "-O";
				SWIFT_VERSION = 5.0;
				TARGETED_DEVICE_FAMILY = 1;
			};
			name = Release;
		};
		3C4F0A0A2A54399F009DF8AB /* Debug */ = {
			isa = XCBuildConfiguration;
			buildSettings = {
				ALWAYS_SEARCH_USER_PATHS = NO;
				ASSETCATALOG_COMPILER_ALTERNATE_APPICON_NAMES = "";
				ASSETCATALOG_COMPILER_GENERATE_SWIFT_ASSET_SYMBOL_EXTENSIONS = YES;
				ASSETCATALOG_COMPILER_INCLUDE_STICKER_CONTENT = YES;
				CLANG_ANALYZER_NONNULL = YES;
				CLANG_ANALYZER_NUMBER_OBJECT_CONVERSION = YES_AGGRESSIVE;
				CLANG_CXX_LANGUAGE_STANDARD = "gnu++20";
				CLANG_ENABLE_MODULES = YES;
				CLANG_ENABLE_OBJC_ARC = YES;
				CLANG_ENABLE_OBJC_WEAK = YES;
				CLANG_WARN_BLOCK_CAPTURE_AUTORELEASING = YES;
				CLANG_WARN_BOOL_CONVERSION = YES;
				CLANG_WARN_COMMA = YES;
				CLANG_WARN_CONSTANT_CONVERSION = YES;
				CLANG_WARN_DEPRECATED_OBJC_IMPLEMENTATIONS = YES;
				CLANG_WARN_DIRECT_OBJC_ISA_USAGE = YES_ERROR;
				CLANG_WARN_DOCUMENTATION_COMMENTS = YES;
				CLANG_WARN_EMPTY_BODY = YES;
				CLANG_WARN_ENUM_CONVERSION = YES;
				CLANG_WARN_INFINITE_RECURSION = YES;
				CLANG_WARN_INT_CONVERSION = YES;
				CLANG_WARN_NON_LITERAL_NULL_CONVERSION = YES;
				CLANG_WARN_OBJC_IMPLICIT_RETAIN_SELF = YES;
				CLANG_WARN_OBJC_LITERAL_CONVERSION = YES;
				CLANG_WARN_OBJC_ROOT_CLASS = YES_ERROR;
				CLANG_WARN_QUOTED_INCLUDE_IN_FRAMEWORK_HEADER = YES;
				CLANG_WARN_RANGE_LOOP_ANALYSIS = YES;
				CLANG_WARN_STRICT_PROTOTYPES = YES;
				CLANG_WARN_SUSPICIOUS_MOVE = YES;
				CLANG_WARN_UNGUARDED_AVAILABILITY = YES_AGGRESSIVE;
				CLANG_WARN_UNREACHABLE_CODE = YES;
				CLANG_WARN__DUPLICATE_METHOD_MATCH = YES;
				COPY_PHASE_STRIP = NO;
				DEBUG_INFORMATION_FORMAT = dwarf;
				ENABLE_STRICT_OBJC_MSGSEND = YES;
				ENABLE_TESTABILITY = YES;
				ENABLE_USER_SCRIPT_SANDBOXING = YES;
				GCC_C_LANGUAGE_STANDARD = gnu17;
				GCC_DYNAMIC_NO_PIC = NO;
				GCC_NO_COMMON_BLOCKS = YES;
				GCC_OPTIMIZATION_LEVEL = 0;
				GCC_PREPROCESSOR_DEFINITIONS = (
					"DEBUG=1",
					"$(inherited)",
				);
				GCC_WARN_64_TO_32_BIT_CONVERSION = YES;
				GCC_WARN_ABOUT_RETURN_TYPE = YES_ERROR;
				GCC_WARN_UNDECLARED_SELECTOR = YES;
				GCC_WARN_UNINITIALIZED_AUTOS = YES_AGGRESSIVE;
				GCC_WARN_UNUSED_FUNCTION = YES;
				GCC_WARN_UNUSED_VARIABLE = YES;
				IPHONEOS_DEPLOYMENT_TARGET = 15.0;
				LOCALIZATION_PREFERS_STRING_CATALOGS = YES;
				MTL_ENABLE_DEBUG_INFO = INCLUDE_SOURCE;
				MTL_FAST_MATH = YES;
				ONLY_ACTIVE_ARCH = YES;
				SDKROOT = iphoneos;
				SWIFT_ACTIVE_COMPILATION_CONDITIONS = "DEBUG $(inherited)";
				SWIFT_OPTIMIZATION_LEVEL = "-Onone";
			};
			name = Debug;
		};
		3C4F0A0B2A54399F009DF8AB /* Release */ = {
			isa = XCBuildConfiguration;
			buildSettings = {
				ALWAYS_SEARCH_USER_PATHS = NO;
				ASSETCATALOG_COMPILER_ALTERNATE_APPICON_NAMES = "";
				ASSETCATALOG_COMPILER_GENERATE_SWIFT_ASSET_SYMBOL_EXTENSIONS = YES;
				ASSETCATALOG_COMPILER_INCLUDE_STICKER_CONTENT = YES;
				CLANG_ANALYZER_NONNULL = YES;
				CLANG_ANALYZER_NUMBER_OBJECT_CONVERSION = YES_AGGRESSIVE;
				CLANG_CXX_LANGUAGE_STANDARD = "gnu++20";
				CLANG_ENABLE_MODULES = YES;
				CLANG_ENABLE_OBJC_ARC = YES;
				CLANG_ENABLE_OBJC_WEAK = YES;
				CLANG_WARN_BLOCK_CAPTURE_AUTORELEASING = YES;
				CLANG_WARN_BOOL_CONVERSION = YES;
				CLANG_WARN_COMMA = YES;
				CLANG_WARN_CONSTANT_CONVERSION = YES;
				CLANG_WARN_DEPRECATED_OBJC_IMPLEMENTATIONS = YES;
				CLANG_WARN_DIRECT_OBJC_ISA_USAGE = YES_ERROR;
				CLANG_WARN_DOCUMENTATION_COMMENTS = YES;
				CLANG_WARN_EMPTY_BODY = YES;
				CLANG_WARN_ENUM_CONVERSION = YES;
				CLANG_WARN_INFINITE_RECURSION = YES;
				CLANG_WARN_INT_CONVERSION = YES;
				CLANG_WARN_NON_LITERAL_NULL_CONVERSION = YES;
				CLANG_WARN_OBJC_IMPLICIT_RETAIN_SELF = YES;
				CLANG_WARN_OBJC_LITERAL_CONVERSION = YES;
				CLANG_WARN_OBJC_ROOT_CLASS = YES_ERROR;
				CLANG_WARN_QUOTED_INCLUDE_IN_FRAMEWORK_HEADER = YES;
				CLANG_WARN_RANGE_LOOP_ANALYSIS = YES;
				CLANG_WARN_STRICT_PROTOTYPES = YES;
				CLANG_WARN_SUSPICIOUS_MOVE = YES;
				CLANG_WARN_UNGUARDED_AVAILABILITY = YES_AGGRESSIVE;
				CLANG_WARN_UNREACHABLE_CODE = YES;
				CLANG_WARN__DUPLICATE_METHOD_MATCH = YES;
				COPY_PHASE_STRIP = NO;
				DEBUG_INFORMATION_FORMAT = "dwarf-with-dsym";
				ENABLE_NS_ASSERTIONS = NO;
				ENABLE_STRICT_OBJC_MSGSEND = YES;
				ENABLE_USER_SCRIPT_SANDBOXING = YES;
				GCC_C_LANGUAGE_STANDARD = gnu17;
				GCC_NO_COMMON_BLOCKS = YES;
				GCC_WARN_64_TO_32_BIT_CONVERSION = YES;
				GCC_WARN_ABOUT_RETURN_TYPE = YES_ERROR;
				GCC_WARN_UNDECLARED_SELECTOR = YES;
				GCC_WARN_UNINITIALIZED_AUTOS = YES_AGGRESSIVE;
				GCC_WARN_UNUSED_FUNCTION = YES;
				GCC_WARN_UNUSED_VARIABLE = YES;
				IPHONEOS_DEPLOYMENT_TARGET = 15.0;
				LOCALIZATION_PREFERS_STRING_CATALOGS = YES;
				MTL_ENABLE_DEBUG_INFO = NO;
				MTL_FAST_MATH = YES;
				SDKROOT = iphoneos;
				SWIFT_COMPILATION_MODE = wholemodule;
				VALIDATE_PRODUCT = YES;
			};
			name = Release;
		};
		3C4F0A0D2A54399F009DF8AB /* Debug */ = {
			isa = XCBuildConfiguration;
			buildSettings = {
				ASSETCATALOG_COMPILER_ALTERNATE_APPICON_NAMES = "AppIcon-Dark AppIcon AppIcon-Light";
				ASSETCATALOG_COMPILER_APPICON_NAME = AppIcon;
				ASSETCATALOG_COMPILER_INCLUDE_ALL_APPICON_ASSETS = YES;
				ASSETCATALOG_COMPILER_INCLUDE_STICKER_CONTENT = YES;
				ASSETCATALOG_COMPILER_TARGET_STICKERS_ICON_ROLE = extension;
				CODE_SIGN_ENTITLEMENTS = Lunar/Lunar.entitlements;
				CODE_SIGN_STYLE = Automatic;
				CURRENT_PROJECT_VERSION = 1;
				DEVELOPMENT_ASSET_PATHS = "";
				DEVELOPMENT_TEAM = QR8TDZJV2W;
				ENABLE_PREVIEWS = YES;
				GENERATE_INFOPLIST_FILE = YES;
				INFOPLIST_FILE = Lunar/Info.plist;
				INFOPLIST_KEY_CFBundleDisplayName = Lunar;
				INFOPLIST_KEY_LSApplicationCategoryType = "public.app-category.news";
				INFOPLIST_KEY_UIApplicationSceneManifest_Generation = YES;
				INFOPLIST_KEY_UIApplicationSupportsIndirectInputEvents = YES;
				INFOPLIST_KEY_UILaunchStoryboardName = "";
				INFOPLIST_KEY_UISupportedInterfaceOrientations = UIInterfaceOrientationPortrait;
				INFOPLIST_KEY_UISupportedInterfaceOrientations_iPad = "UIInterfaceOrientationLandscapeLeft UIInterfaceOrientationLandscapeRight UIInterfaceOrientationPortrait UIInterfaceOrientationPortraitUpsideDown";
				IPHONEOS_DEPLOYMENT_TARGET = 15.0;
				LD_RUNPATH_SEARCH_PATHS = (
					"$(inherited)",
					"@executable_path/Frameworks",
				);
				MARKETING_VERSION = 0.0.1;
				PRODUCT_BUNDLE_IDENTIFIER = "io.github.mani-sh-reddy.Lunar.app";
				PRODUCT_NAME = "$(TARGET_NAME)";
				SUPPORTED_PLATFORMS = "iphoneos iphonesimulator";
				SUPPORTS_MACCATALYST = NO;
				SUPPORTS_MAC_DESIGNED_FOR_IPHONE_IPAD = NO;
				SUPPORTS_XR_DESIGNED_FOR_IPHONE_IPAD = NO;
				SWIFT_EMIT_LOC_STRINGS = YES;
				SWIFT_VERSION = 5.0;
				TARGETED_DEVICE_FAMILY = 1;
			};
			name = Debug;
		};
		3C4F0A0E2A54399F009DF8AB /* Release */ = {
			isa = XCBuildConfiguration;
			buildSettings = {
				ASSETCATALOG_COMPILER_ALTERNATE_APPICON_NAMES = "AppIcon-Dark AppIcon AppIcon-Light";
				ASSETCATALOG_COMPILER_APPICON_NAME = AppIcon;
				ASSETCATALOG_COMPILER_INCLUDE_ALL_APPICON_ASSETS = YES;
				ASSETCATALOG_COMPILER_INCLUDE_STICKER_CONTENT = YES;
				ASSETCATALOG_COMPILER_TARGET_STICKERS_ICON_ROLE = extension;
				CODE_SIGN_ENTITLEMENTS = Lunar/Lunar.entitlements;
				CODE_SIGN_STYLE = Automatic;
				CURRENT_PROJECT_VERSION = 1;
				DEVELOPMENT_ASSET_PATHS = "";
				DEVELOPMENT_TEAM = QR8TDZJV2W;
				ENABLE_PREVIEWS = YES;
				GENERATE_INFOPLIST_FILE = YES;
				INFOPLIST_FILE = Lunar/Info.plist;
				INFOPLIST_KEY_CFBundleDisplayName = Lunar;
				INFOPLIST_KEY_LSApplicationCategoryType = "public.app-category.news";
				INFOPLIST_KEY_UIApplicationSceneManifest_Generation = YES;
				INFOPLIST_KEY_UIApplicationSupportsIndirectInputEvents = YES;
				INFOPLIST_KEY_UILaunchStoryboardName = "";
				INFOPLIST_KEY_UISupportedInterfaceOrientations = UIInterfaceOrientationPortrait;
				INFOPLIST_KEY_UISupportedInterfaceOrientations_iPad = "UIInterfaceOrientationLandscapeLeft UIInterfaceOrientationLandscapeRight UIInterfaceOrientationPortrait UIInterfaceOrientationPortraitUpsideDown";
				IPHONEOS_DEPLOYMENT_TARGET = 15.0;
				LD_RUNPATH_SEARCH_PATHS = (
					"$(inherited)",
					"@executable_path/Frameworks",
				);
				MARKETING_VERSION = 0.0.1;
				PRODUCT_BUNDLE_IDENTIFIER = "io.github.mani-sh-reddy.Lunar.app";
				PRODUCT_NAME = "$(TARGET_NAME)";
				SUPPORTED_PLATFORMS = "iphoneos iphonesimulator";
				SUPPORTS_MACCATALYST = NO;
				SUPPORTS_MAC_DESIGNED_FOR_IPHONE_IPAD = NO;
				SUPPORTS_XR_DESIGNED_FOR_IPHONE_IPAD = NO;
				SWIFT_EMIT_LOC_STRINGS = YES;
				SWIFT_VERSION = 5.0;
				TARGETED_DEVICE_FAMILY = 1;
			};
			name = Release;
		};
/* End XCBuildConfiguration section */

/* Begin XCConfigurationList section */
		3C10A7792A72A6FC0040F1A9 /* Build configuration list for PBXNativeTarget "Lunar Stickers MessagesExtension" */ = {
			isa = XCConfigurationList;
			buildConfigurations = (
				3C10A77A2A72A6FC0040F1A9 /* Debug */,
				3C10A77B2A72A6FC0040F1A9 /* Release */,
			);
			defaultConfigurationIsVisible = 0;
			defaultConfigurationName = Release;
		};
		3C10A77D2A72A6FC0040F1A9 /* Build configuration list for PBXNativeTarget "Lunar Stickers" */ = {
			isa = XCConfigurationList;
			buildConfigurations = (
				3C10A77E2A72A6FC0040F1A9 /* Debug */,
				3C10A77F2A72A6FC0040F1A9 /* Release */,
			);
			defaultConfigurationIsVisible = 0;
			defaultConfigurationName = Release;
		};
		3C4F09F72A54399F009DF8AB /* Build configuration list for PBXProject "Lunar" */ = {
			isa = XCConfigurationList;
			buildConfigurations = (
				3C4F0A0A2A54399F009DF8AB /* Debug */,
				3C4F0A0B2A54399F009DF8AB /* Release */,
			);
			defaultConfigurationIsVisible = 0;
			defaultConfigurationName = Release;
		};
		3C4F0A0C2A54399F009DF8AB /* Build configuration list for PBXNativeTarget "Lunar" */ = {
			isa = XCConfigurationList;
			buildConfigurations = (
				3C4F0A0D2A54399F009DF8AB /* Debug */,
				3C4F0A0E2A54399F009DF8AB /* Release */,
			);
			defaultConfigurationIsVisible = 0;
			defaultConfigurationName = Release;
		};
/* End XCConfigurationList section */

/* Begin XCRemoteSwiftPackageReference section */
		3C4B7DD92A58AD23003C8192 /* XCRemoteSwiftPackageReference "Alamofire" */ = {
			isa = XCRemoteSwiftPackageReference;
			repositoryURL = "https://github.com/Alamofire/Alamofire.git";
			requirement = {
				kind = upToNextMinorVersion;
				minimumVersion = 5.7.1;
			};
		};
		3CEF19692A580672006736EF /* XCRemoteSwiftPackageReference "Kingfisher" */ = {
			isa = XCRemoteSwiftPackageReference;
			repositoryURL = "https://github.com/onevcat/Kingfisher.git";
			requirement = {
				kind = upToNextMinorVersion;
				minimumVersion = 7.8.1;
			};
		};
/* End XCRemoteSwiftPackageReference section */

/* Begin XCSwiftPackageProductDependency section */
		3C4B7DDA2A58AD23003C8192 /* Alamofire */ = {
			isa = XCSwiftPackageProductDependency;
			package = 3C4B7DD92A58AD23003C8192 /* XCRemoteSwiftPackageReference "Alamofire" */;
			productName = Alamofire;
		};
		3CEF196A2A580672006736EF /* Kingfisher */ = {
			isa = XCSwiftPackageProductDependency;
			package = 3CEF19692A580672006736EF /* XCRemoteSwiftPackageReference "Kingfisher" */;
			productName = Kingfisher;
		};
/* End XCSwiftPackageProductDependency section */
	};
	rootObject = 3C4F09F42A54399F009DF8AB /* Project object */;
}
