{
  "pins" : [
    {
      "identity" : "alamofire",
      "kind" : "remoteSourceControl",
      "location" : "https://github.com/Alamofire/Alamofire.git",
      "state" : {
        "revision" : "bc268c28fb170f494de9e9927c371b8342979ece",
        "version" : "5.7.1"
      }
    },
    {
      "identity" : "bettersafariview",
      "kind" : "remoteSourceControl",
      "location" : "https://github.com/stleamist/BetterSafariView",
      "state" : {
        "branch" : "main",
        "revision" : "dffd42bc70287e761979bc81dd278db5c80f0deb"
      }
    },
    {
      "identity" : "defaults",
      "kind" : "remoteSourceControl",
      "location" : "https://github.com/sindresorhus/Defaults",
      "state" : {
        "branch" : "main",
        "revision" : "11b6adbfcb784a71bc9076c0e83ecd67952060e8"
      }
    },
    {
      "identity" : "keychainaccess",
      "kind" : "remoteSourceControl",
      "location" : "https://github.com/kishikawakatsumi/KeychainAccess",
      "state" : {
        "branch" : "master",
        "revision" : "ecb18d8ce4d88277cc4fb103973352d91e18c535"
      }
    },
    {
      "identity" : "nuke",
      "kind" : "remoteSourceControl",
      "location" : "https://github.com/kean/Nuke.git",
      "state" : {
        "revision" : "29d3a7e0c687f97fe35b584f60b93fc547d3dade",
        "version" : "12.1.5"
      }
    },
    {
      "identity" : "popupview",
      "kind" : "remoteSourceControl",
      "location" : "https://github.com/exyte/PopupView",
      "state" : {
        "revision" : "5724e89ce2e81f79ccfc1fabaaf5c42473234aef",
        "version" : "2.6.3"
      }
    },
    {
      "identity" : "pulse",
      "kind" : "remoteSourceControl",
      "location" : "https://github.com/kean/Pulse",
      "state" : {
        "revision" : "e080339a24f5a47461378e5fe02ba3f2ef0a2cfa",
        "version" : "4.0.3"
      }
    },
    {
      "identity" : "realm-core",
      "kind" : "remoteSourceControl",
      "location" : "https://github.com/realm/realm-core.git",
      "state" : {
        "revision" : "1eb93c9619f6a05b5a91c2719690606016802e0b",
        "version" : "13.20.1"
      }
    },
    {
      "identity" : "realm-swift",
      "kind" : "remoteSourceControl",
      "location" : "https://github.com/realm/realm-swift.git",
      "state" : {
        "branch" : "master",
        "revision" : "987523254e28254652cab86b4e558a96231bbfe3"
      }
    },
    {
      "identity" : "sfsafesymbols",
      "kind" : "remoteSourceControl",
      "location" : "https://github.com/SFSafeSymbols/SFSafeSymbols.git",
      "state" : {
        "revision" : "7cca2d60925876b5953a2cf7341cd80fbeac983c",
        "version" : "4.1.1"
      }
    },
    {
      "identity" : "shiny",
      "kind" : "remoteSourceControl",
      "location" : "https://github.com/maustinstar/shiny",
      "state" : {
        "branch" : "master",
        "revision" : "862360b8ab6b9ea9eb1156569a30f154b22625a5"
      }
    },
    {
      "identity" : "swiftsoup",
      "kind" : "remoteSourceControl",
      "location" : "https://github.com/scinfu/SwiftSoup",
      "state" : {
        "revision" : "8b6cf29eead8841a1fa7822481cb3af4ddaadba6",
        "version" : "2.6.1"
      }
    },
    {
      "identity" : "swiftui-shimmer",
      "kind" : "remoteSourceControl",
      "location" : "https://github.com/markiv/SwiftUI-Shimmer",
      "state" : {
        "revision" : "1f3a620e4abe890d00008cb2af7023d810b433a7",
        "version" : "1.4.0"
      }
    },
    {
      "identity" : "whatsnewkit",
      "kind" : "remoteSourceControl",
      "location" : "https://github.com/SvenTiigi/WhatsNewKit",
      "state" : {
        "revision" : "238dadc14dd58885f51037e63d08baf4275c480e",
        "version" : "2.1.0"
      }
    }
  ],
  "version" : 2
}
